// !$*UTF8*$!
{
	archiveVersion = 1;
	classes = {
	};
	objectVersion = 48;
	objects = {

/* Begin PBXBuildFile section */
		1DD978E2838F59B314D3178D /* Pods_NyelamUITests.framework in Frameworks */ = {isa = PBXBuildFile; fileRef = D473B4B6FAAEB379DE72B736 /* Pods_NyelamUITests.framework */; };
		79B7B08C8E22A9DEC8DE57A8 /* Pods_Nyelam.framework in Frameworks */ = {isa = PBXBuildFile; fileRef = FF69D846D69A5AF2FE532956 /* Pods_Nyelam.framework */; };
		A6C27084207BD160007E4D2A /* UIViewController+Nyelam.swift in Sources */ = {isa = PBXBuildFile; fileRef = A6C27083207BD160007E4D2A /* UIViewController+Nyelam.swift */; };
		A6C27086207BEBDE007E4D2A /* MainNavigationController.swift in Sources */ = {isa = PBXBuildFile; fileRef = A6C27085207BEBDE007E4D2A /* MainNavigationController.swift */; };
		A6C27088207BEC0E007E4D2A /* UIColor+Nyelam.swift in Sources */ = {isa = PBXBuildFile; fileRef = A6C27087207BEC0E007E4D2A /* UIColor+Nyelam.swift */; };
		A6C2708A207BEF63007E4D2A /* BaseNavigationController.swift in Sources */ = {isa = PBXBuildFile; fileRef = A6C27089207BEF63007E4D2A /* BaseNavigationController.swift */; };
		A6C2708D207BF0A2007E4D2A /* MainRootController.swift in Sources */ = {isa = PBXBuildFile; fileRef = A6C2708B207BF0A2007E4D2A /* MainRootController.swift */; };
		A6C2708E207BF0A2007E4D2A /* MainRootController.xib in Resources */ = {isa = PBXBuildFile; fileRef = A6C2708C207BF0A2007E4D2A /* MainRootController.xib */; };
		C00D0AD82075F375000D8ED6 /* NNationality+CoreDataClass.swift in Sources */ = {isa = PBXBuildFile; fileRef = C00D0AB82075F375000D8ED6 /* NNationality+CoreDataClass.swift */; };
		C00D0AD92075F375000D8ED6 /* NNationality+CoreDataProperties.swift in Sources */ = {isa = PBXBuildFile; fileRef = C00D0AB92075F375000D8ED6 /* NNationality+CoreDataProperties.swift */; };
		C00D0ADA2075F375000D8ED6 /* NSocialMedia+CoreDataClass.swift in Sources */ = {isa = PBXBuildFile; fileRef = C00D0ABA2075F375000D8ED6 /* NSocialMedia+CoreDataClass.swift */; };
		C00D0ADB2075F375000D8ED6 /* NSocialMedia+CoreDataProperties.swift in Sources */ = {isa = PBXBuildFile; fileRef = C00D0ABB2075F375000D8ED6 /* NSocialMedia+CoreDataProperties.swift */; };
		C00D0ADC2075F375000D8ED6 /* NCountry+CoreDataClass.swift in Sources */ = {isa = PBXBuildFile; fileRef = C00D0ABC2075F375000D8ED6 /* NCountry+CoreDataClass.swift */; };
		C00D0ADD2075F375000D8ED6 /* NCountry+CoreDataProperties.swift in Sources */ = {isa = PBXBuildFile; fileRef = C00D0ABD2075F375000D8ED6 /* NCountry+CoreDataProperties.swift */; };
		C00D0ADE2075F375000D8ED6 /* NCategory+CoreDataClass.swift in Sources */ = {isa = PBXBuildFile; fileRef = C00D0ABE2075F375000D8ED6 /* NCategory+CoreDataClass.swift */; };
		C00D0ADF2075F375000D8ED6 /* NCategory+CoreDataProperties.swift in Sources */ = {isa = PBXBuildFile; fileRef = C00D0ABF2075F375000D8ED6 /* NCategory+CoreDataProperties.swift */; };
		C00D0AE02075F375000D8ED6 /* NCountryCode+CoreDataClass.swift in Sources */ = {isa = PBXBuildFile; fileRef = C00D0AC02075F375000D8ED6 /* NCountryCode+CoreDataClass.swift */; };
		C00D0AE12075F375000D8ED6 /* NCountryCode+CoreDataProperties.swift in Sources */ = {isa = PBXBuildFile; fileRef = C00D0AC12075F375000D8ED6 /* NCountryCode+CoreDataProperties.swift */; };
		C00D0AE22075F375000D8ED6 /* NDiveService+CoreDataClass.swift in Sources */ = {isa = PBXBuildFile; fileRef = C00D0AC22075F375000D8ED6 /* NDiveService+CoreDataClass.swift */; };
		C00D0AE32075F375000D8ED6 /* NDiveService+CoreDataProperties.swift in Sources */ = {isa = PBXBuildFile; fileRef = C00D0AC32075F375000D8ED6 /* NDiveService+CoreDataProperties.swift */; };
		C00D0AE42075F375000D8ED6 /* NLanguage+CoreDataClass.swift in Sources */ = {isa = PBXBuildFile; fileRef = C00D0AC42075F375000D8ED6 /* NLanguage+CoreDataClass.swift */; };
		C00D0AE52075F375000D8ED6 /* NLanguage+CoreDataProperties.swift in Sources */ = {isa = PBXBuildFile; fileRef = C00D0AC52075F375000D8ED6 /* NLanguage+CoreDataProperties.swift */; };
		C00D0AE62075F375000D8ED6 /* NDiveCenter+CoreDataClass.swift in Sources */ = {isa = PBXBuildFile; fileRef = C00D0AC62075F375000D8ED6 /* NDiveCenter+CoreDataClass.swift */; };
		C00D0AE72075F375000D8ED6 /* NDiveCenter+CoreDataProperties.swift in Sources */ = {isa = PBXBuildFile; fileRef = C00D0AC72075F375000D8ED6 /* NDiveCenter+CoreDataProperties.swift */; };
		C00D0AE82075F375000D8ED6 /* NSummary+CoreDataClass.swift in Sources */ = {isa = PBXBuildFile; fileRef = C00D0AC82075F375000D8ED6 /* NSummary+CoreDataClass.swift */; };
		C00D0AE92075F375000D8ED6 /* NSummary+CoreDataProperties.swift in Sources */ = {isa = PBXBuildFile; fileRef = C00D0AC92075F375000D8ED6 /* NSummary+CoreDataProperties.swift */; };
		C00D0AEA2075F375000D8ED6 /* NProvince+CoreDataClass.swift in Sources */ = {isa = PBXBuildFile; fileRef = C00D0ACA2075F375000D8ED6 /* NProvince+CoreDataClass.swift */; };
		C00D0AEB2075F375000D8ED6 /* NProvince+CoreDataProperties.swift in Sources */ = {isa = PBXBuildFile; fileRef = C00D0ACB2075F375000D8ED6 /* NProvince+CoreDataProperties.swift */; };
		C00D0AEC2075F375000D8ED6 /* NAuthReturn+CoreDataClass.swift in Sources */ = {isa = PBXBuildFile; fileRef = C00D0ACC2075F375000D8ED6 /* NAuthReturn+CoreDataClass.swift */; };
		C00D0AED2075F375000D8ED6 /* NAuthReturn+CoreDataProperties.swift in Sources */ = {isa = PBXBuildFile; fileRef = C00D0ACD2075F375000D8ED6 /* NAuthReturn+CoreDataProperties.swift */; };
		C00D0AEE2075F375000D8ED6 /* NExperience+CoreDataClass.swift in Sources */ = {isa = PBXBuildFile; fileRef = C00D0ACE2075F375000D8ED6 /* NExperience+CoreDataClass.swift */; };
		C00D0AEF2075F375000D8ED6 /* NExperience+CoreDataProperties.swift in Sources */ = {isa = PBXBuildFile; fileRef = C00D0ACF2075F375000D8ED6 /* NExperience+CoreDataProperties.swift */; };
		C00D0AF02075F375000D8ED6 /* NOrder+CoreDataClass.swift in Sources */ = {isa = PBXBuildFile; fileRef = C00D0AD02075F375000D8ED6 /* NOrder+CoreDataClass.swift */; };
		C00D0AF12075F375000D8ED6 /* NOrder+CoreDataProperties.swift in Sources */ = {isa = PBXBuildFile; fileRef = C00D0AD12075F375000D8ED6 /* NOrder+CoreDataProperties.swift */; };
		C00D0AF22075F375000D8ED6 /* NDiveSpot+CoreDataClass.swift in Sources */ = {isa = PBXBuildFile; fileRef = C00D0AD22075F375000D8ED6 /* NDiveSpot+CoreDataClass.swift */; };
		C00D0AF32075F375000D8ED6 /* NDiveSpot+CoreDataProperties.swift in Sources */ = {isa = PBXBuildFile; fileRef = C00D0AD32075F375000D8ED6 /* NDiveSpot+CoreDataProperties.swift */; };
		C00D0AF42075F375000D8ED6 /* NCity+CoreDataClass.swift in Sources */ = {isa = PBXBuildFile; fileRef = C00D0AD42075F375000D8ED6 /* NCity+CoreDataClass.swift */; };
		C00D0AF52075F375000D8ED6 /* NCity+CoreDataProperties.swift in Sources */ = {isa = PBXBuildFile; fileRef = C00D0AD52075F375000D8ED6 /* NCity+CoreDataProperties.swift */; };
		C00D0AF62075F375000D8ED6 /* NUser+CoreDataClass.swift in Sources */ = {isa = PBXBuildFile; fileRef = C00D0AD62075F375000D8ED6 /* NUser+CoreDataClass.swift */; };
		C00D0AF72075F375000D8ED6 /* NUser+CoreDataProperties.swift in Sources */ = {isa = PBXBuildFile; fileRef = C00D0AD72075F375000D8ED6 /* NUser+CoreDataProperties.swift */; };
		C00D0AFA2075F779000D8ED6 /* NHTTPHelper+Error.swift in Sources */ = {isa = PBXBuildFile; fileRef = C00D0AF92075F779000D8ED6 /* NHTTPHelper+Error.swift */; };
		C00D0AFC2075FA10000D8ED6 /* NHTTPResponse.swift in Sources */ = {isa = PBXBuildFile; fileRef = C00D0AFB2075FA10000D8ED6 /* NHTTPResponse.swift */; };
		C00D0AFE207620C2000D8ED6 /* Data+Extensions.swift in Sources */ = {isa = PBXBuildFile; fileRef = C00D0AFD207620C2000D8ED6 /* Data+Extensions.swift */; };
		C037AD5C2070A38800DD5CBC /* AppDelegate.swift in Sources */ = {isa = PBXBuildFile; fileRef = C037AD5B2070A38800DD5CBC /* AppDelegate.swift */; };
		C037AD5E2070A38800DD5CBC /* ViewController.swift in Sources */ = {isa = PBXBuildFile; fileRef = C037AD5D2070A38800DD5CBC /* ViewController.swift */; };
		C037AD612070A38800DD5CBC /* Main.storyboard in Resources */ = {isa = PBXBuildFile; fileRef = C037AD5F2070A38800DD5CBC /* Main.storyboard */; };
		C037AD642070A38800DD5CBC /* Nyelam.xcdatamodeld in Sources */ = {isa = PBXBuildFile; fileRef = C037AD622070A38800DD5CBC /* Nyelam.xcdatamodeld */; };
		C037AD662070A38800DD5CBC /* Assets.xcassets in Resources */ = {isa = PBXBuildFile; fileRef = C037AD652070A38800DD5CBC /* Assets.xcassets */; };
		C037AD692070A38800DD5CBC /* LaunchScreen.storyboard in Resources */ = {isa = PBXBuildFile; fileRef = C037AD672070A38800DD5CBC /* LaunchScreen.storyboard */; };
		C037AD742070A38800DD5CBC /* NyelamTests.swift in Sources */ = {isa = PBXBuildFile; fileRef = C037AD732070A38800DD5CBC /* NyelamTests.swift */; };
		C037AD7F2070A38800DD5CBC /* NyelamUITests.swift in Sources */ = {isa = PBXBuildFile; fileRef = C037AD7E2070A38800DD5CBC /* NyelamUITests.swift */; };
		C09F22FB2071E0A700B48D32 /* String+Extensions.swift in Sources */ = {isa = PBXBuildFile; fileRef = C09F22FA2071E0A700B48D32 /* String+Extensions.swift */; };
		C09F22FD2071E32F00B48D32 /* Parseable.swift in Sources */ = {isa = PBXBuildFile; fileRef = C09F22FC2071E32F00B48D32 /* Parseable.swift */; };
		C0BE915F2070ACFE004E1B92 /* GoogleService-Info.plist in Resources */ = {isa = PBXBuildFile; fileRef = C0BE915E2070ACFE004E1B92 /* GoogleService-Info.plist */; };
		C0BE91622070AD27004E1B92 /* NConstant.swift in Sources */ = {isa = PBXBuildFile; fileRef = C0BE91612070AD27004E1B92 /* NConstant.swift */; };
		C0BE91632070ADD5004E1B92 /* ActionSheetPicker_3_0.framework in Frameworks */ = {isa = PBXBuildFile; fileRef = C0BE91742070ADD5004E1B92 /* ActionSheetPicker_3_0.framework */; };
		C0BE91642070ADD5004E1B92 /* Alamofire.framework in Frameworks */ = {isa = PBXBuildFile; fileRef = C0BE91752070ADD5004E1B92 /* Alamofire.framework */; };
		C0BE91652070ADD5004E1B92 /* AlamofireImage.framework in Frameworks */ = {isa = PBXBuildFile; fileRef = C0BE91762070ADD5004E1B92 /* AlamofireImage.framework */; };
		C0BE91662070ADD5004E1B92 /* Bolts.framework in Frameworks */ = {isa = PBXBuildFile; fileRef = C0BE91772070ADD5004E1B92 /* Bolts.framework */; };
		C0BE91672070ADD5004E1B92 /* FacebookCore.framework in Frameworks */ = {isa = PBXBuildFile; fileRef = C0BE91782070ADD5004E1B92 /* FacebookCore.framework */; };
		C0BE91682070ADD5004E1B92 /* FacebookLogin.framework in Frameworks */ = {isa = PBXBuildFile; fileRef = C0BE91792070ADD5004E1B92 /* FacebookLogin.framework */; };
		C0BE91692070ADD5004E1B92 /* FacebookShare.framework in Frameworks */ = {isa = PBXBuildFile; fileRef = C0BE917A2070ADD5004E1B92 /* FacebookShare.framework */; };
		C0BE916A2070ADD5004E1B92 /* FBSDKCoreKit.framework in Frameworks */ = {isa = PBXBuildFile; fileRef = C0BE917B2070ADD5004E1B92 /* FBSDKCoreKit.framework */; };
		C0BE916B2070ADD5004E1B92 /* FBSDKLoginKit.framework in Frameworks */ = {isa = PBXBuildFile; fileRef = C0BE917C2070ADD5004E1B92 /* FBSDKLoginKit.framework */; };
		C0BE916C2070ADD5004E1B92 /* FBSDKShareKit.framework in Frameworks */ = {isa = PBXBuildFile; fileRef = C0BE917D2070ADD5004E1B92 /* FBSDKShareKit.framework */; };
		C0BE916D2070ADD5004E1B92 /* GoogleToolboxForMac.framework in Frameworks */ = {isa = PBXBuildFile; fileRef = C0BE917E2070ADD5004E1B92 /* GoogleToolboxForMac.framework */; };
		C0BE916E2070ADD5004E1B92 /* GTMOAuth2.framework in Frameworks */ = {isa = PBXBuildFile; fileRef = C0BE917F2070ADD5004E1B92 /* GTMOAuth2.framework */; };
		C0BE916F2070ADD5004E1B92 /* GTMSessionFetcher.framework in Frameworks */ = {isa = PBXBuildFile; fileRef = C0BE91802070ADD5004E1B92 /* GTMSessionFetcher.framework */; };
		C0BE91702070ADD5004E1B92 /* ImageSlideshow.framework in Frameworks */ = {isa = PBXBuildFile; fileRef = C0BE91812070ADD5004E1B92 /* ImageSlideshow.framework */; };
		C0BE91712070ADD5004E1B92 /* JRSwizzle.framework in Frameworks */ = {isa = PBXBuildFile; fileRef = C0BE91822070ADD5004E1B92 /* JRSwizzle.framework */; };
		C0BE91722070ADD5004E1B92 /* SideMenu.framework in Frameworks */ = {isa = PBXBuildFile; fileRef = C0BE91832070ADD5004E1B92 /* SideMenu.framework */; };
		C0BE91732070ADD5004E1B92 /* UINavigationControllerWithCompletionBlock.framework in Frameworks */ = {isa = PBXBuildFile; fileRef = C0BE91842070ADD5004E1B92 /* UINavigationControllerWithCompletionBlock.framework */; };
		C0BE91892070B6CA004E1B92 /* BaseViewController.swift in Sources */ = {isa = PBXBuildFile; fileRef = C0BE91882070B6CA004E1B92 /* BaseViewController.swift */; };
		C0BE91932070B758004E1B92 /* DTMDatePickerController.xib in Resources */ = {isa = PBXBuildFile; fileRef = C0BE918C2070B758004E1B92 /* DTMDatePickerController.xib */; };
		C0BE91942070B758004E1B92 /* MenuBarView.swift in Sources */ = {isa = PBXBuildFile; fileRef = C0BE918D2070B758004E1B92 /* MenuBarView.swift */; };
		C0BE91952070B758004E1B92 /* UIView+CustomFont.swift in Sources */ = {isa = PBXBuildFile; fileRef = C0BE918E2070B758004E1B92 /* UIView+CustomFont.swift */; };
		C0BE91962070B758004E1B92 /* UIViewController+DTM.swift in Sources */ = {isa = PBXBuildFile; fileRef = C0BE918F2070B758004E1B92 /* UIViewController+DTM.swift */; };
		C0BE91972070B758004E1B92 /* UIApplication+DTM.swift in Sources */ = {isa = PBXBuildFile; fileRef = C0BE91902070B758004E1B92 /* UIApplication+DTM.swift */; };
		C0BE91982070B758004E1B92 /* DTMCore.swift in Sources */ = {isa = PBXBuildFile; fileRef = C0BE91912070B758004E1B92 /* DTMCore.swift */; };
		C0BE91992070B758004E1B92 /* DTMDatePickerController.swift in Sources */ = {isa = PBXBuildFile; fileRef = C0BE91922070B758004E1B92 /* DTMDatePickerController.swift */; };
		C0BE923A2070D096004E1B92 /* Additional.swift in Sources */ = {isa = PBXBuildFile; fileRef = C0BE92392070D096004E1B92 /* Additional.swift */; };
		C0BE923C2070D0CD004E1B92 /* Banner.swift in Sources */ = {isa = PBXBuildFile; fileRef = C0BE923B2070D0CD004E1B92 /* Banner.swift */; };
		C0BE923E2070D168004E1B92 /* BookingContact.swift in Sources */ = {isa = PBXBuildFile; fileRef = C0BE923D2070D168004E1B92 /* BookingContact.swift */; };
		C0BE92402070D1B6004E1B92 /* Cart.swift in Sources */ = {isa = PBXBuildFile; fileRef = C0BE923F2070D1B6004E1B92 /* Cart.swift */; };
		C0BE92422070D1DE004E1B92 /* CartReturn.swift in Sources */ = {isa = PBXBuildFile; fileRef = C0BE92412070D1DE004E1B92 /* CartReturn.swift */; };
		C0BE92442070D21A004E1B92 /* Location.swift in Sources */ = {isa = PBXBuildFile; fileRef = C0BE92432070D21A004E1B92 /* Location.swift */; };
		C0BE92462070D23D004E1B92 /* Coordinate.swift in Sources */ = {isa = PBXBuildFile; fileRef = C0BE92452070D23D004E1B92 /* Coordinate.swift */; };
		C0BE92482070D28F004E1B92 /* Contact.swift in Sources */ = {isa = PBXBuildFile; fileRef = C0BE92472070D28F004E1B92 /* Contact.swift */; };
		C0BE924A2070D403004E1B92 /* Facilities.swift in Sources */ = {isa = PBXBuildFile; fileRef = C0BE92492070D403004E1B92 /* Facilities.swift */; };
		C0BE924C2070D458004E1B92 /* Membership.swift in Sources */ = {isa = PBXBuildFile; fileRef = C0BE924B2070D458004E1B92 /* Membership.swift */; };
		C0BE924E2070D48B004E1B92 /* Module.swift in Sources */ = {isa = PBXBuildFile; fileRef = C0BE924D2070D48B004E1B92 /* Module.swift */; };
		C0BE92502070D4AC004E1B92 /* DiveSpotModule.swift in Sources */ = {isa = PBXBuildFile; fileRef = C0BE924F2070D4AC004E1B92 /* DiveSpotModule.swift */; };
		C0BE92522070D4E2004E1B92 /* TripModule.swift in Sources */ = {isa = PBXBuildFile; fileRef = C0BE92512070D4E2004E1B92 /* TripModule.swift */; };
		C0BE92542070D50C004E1B92 /* TransactionResult.swift in Sources */ = {isa = PBXBuildFile; fileRef = C0BE92532070D50C004E1B92 /* TransactionResult.swift */; };
		C0BE92562070D59A004E1B92 /* Participant.swift in Sources */ = {isa = PBXBuildFile; fileRef = C0BE92552070D59A004E1B92 /* Participant.swift */; };
		C0BE92582070D5BC004E1B92 /* Schedule.swift in Sources */ = {isa = PBXBuildFile; fileRef = C0BE92572070D5BC004E1B92 /* Schedule.swift */; };
		C0BE925A2070D5EC004E1B92 /* SearchResult.swift in Sources */ = {isa = PBXBuildFile; fileRef = C0BE92592070D5EC004E1B92 /* SearchResult.swift */; };
		C0BE925C2070D6A3004E1B92 /* SearchResultService.swift in Sources */ = {isa = PBXBuildFile; fileRef = C0BE925B2070D6A3004E1B92 /* SearchResultService.swift */; };
		C0BE92602070D725004E1B92 /* Update.swift in Sources */ = {isa = PBXBuildFile; fileRef = C0BE925F2070D725004E1B92 /* Update.swift */; };
		FA4702D7BC604A7C1211B459 /* Pods_NyelamTests.framework in Frameworks */ = {isa = PBXBuildFile; fileRef = 41A3DA3DFF0F2F060A712D75 /* Pods_NyelamTests.framework */; };
/* End PBXBuildFile section */

/* Begin PBXContainerItemProxy section */
		C037AD702070A38800DD5CBC /* PBXContainerItemProxy */ = {
			isa = PBXContainerItemProxy;
			containerPortal = C037AD502070A38800DD5CBC /* Project object */;
			proxyType = 1;
			remoteGlobalIDString = C037AD572070A38800DD5CBC;
			remoteInfo = Nyelam;
		};
		C037AD7B2070A38800DD5CBC /* PBXContainerItemProxy */ = {
			isa = PBXContainerItemProxy;
			containerPortal = C037AD502070A38800DD5CBC /* Project object */;
			proxyType = 1;
			remoteGlobalIDString = C037AD572070A38800DD5CBC;
			remoteInfo = Nyelam;
		};
/* End PBXContainerItemProxy section */

/* Begin PBXFileReference section */
		41A3DA3DFF0F2F060A712D75 /* Pods_NyelamTests.framework */ = {isa = PBXFileReference; explicitFileType = wrapper.framework; includeInIndex = 0; path = Pods_NyelamTests.framework; sourceTree = BUILT_PRODUCTS_DIR; };
		637A0843453D39C5ECAF0620 /* Pods-Nyelam.release.xcconfig */ = {isa = PBXFileReference; includeInIndex = 1; lastKnownFileType = text.xcconfig; name = "Pods-Nyelam.release.xcconfig"; path = "Pods/Target Support Files/Pods-Nyelam/Pods-Nyelam.release.xcconfig"; sourceTree = "<group>"; };
		6C8268AB7332ABCC5EF130D5 /* Pods-Nyelam.debug.xcconfig */ = {isa = PBXFileReference; includeInIndex = 1; lastKnownFileType = text.xcconfig; name = "Pods-Nyelam.debug.xcconfig"; path = "Pods/Target Support Files/Pods-Nyelam/Pods-Nyelam.debug.xcconfig"; sourceTree = "<group>"; };
		A6C27083207BD160007E4D2A /* UIViewController+Nyelam.swift */ = {isa = PBXFileReference; lastKnownFileType = sourcecode.swift; path = "UIViewController+Nyelam.swift"; sourceTree = "<group>"; };
		A6C27085207BEBDE007E4D2A /* MainNavigationController.swift */ = {isa = PBXFileReference; lastKnownFileType = sourcecode.swift; path = MainNavigationController.swift; sourceTree = "<group>"; };
		A6C27087207BEC0E007E4D2A /* UIColor+Nyelam.swift */ = {isa = PBXFileReference; lastKnownFileType = sourcecode.swift; path = "UIColor+Nyelam.swift"; sourceTree = "<group>"; };
		A6C27089207BEF63007E4D2A /* BaseNavigationController.swift */ = {isa = PBXFileReference; lastKnownFileType = sourcecode.swift; path = BaseNavigationController.swift; sourceTree = "<group>"; };
		A6C2708B207BF0A2007E4D2A /* MainRootController.swift */ = {isa = PBXFileReference; lastKnownFileType = sourcecode.swift; path = MainRootController.swift; sourceTree = "<group>"; };
		A6C2708C207BF0A2007E4D2A /* MainRootController.xib */ = {isa = PBXFileReference; lastKnownFileType = file.xib; path = MainRootController.xib; sourceTree = "<group>"; };
		A6C2708F207BFD02007E4D2A /* Nyelam-Bridging-Header.h */ = {isa = PBXFileReference; lastKnownFileType = sourcecode.c.h; path = "Nyelam-Bridging-Header.h"; sourceTree = "<group>"; };
		C00D0AB82075F375000D8ED6 /* NNationality+CoreDataClass.swift */ = {isa = PBXFileReference; lastKnownFileType = sourcecode.swift; path = "NNationality+CoreDataClass.swift"; sourceTree = "<group>"; };
		C00D0AB92075F375000D8ED6 /* NNationality+CoreDataProperties.swift */ = {isa = PBXFileReference; lastKnownFileType = sourcecode.swift; path = "NNationality+CoreDataProperties.swift"; sourceTree = "<group>"; };
		C00D0ABA2075F375000D8ED6 /* NSocialMedia+CoreDataClass.swift */ = {isa = PBXFileReference; lastKnownFileType = sourcecode.swift; path = "NSocialMedia+CoreDataClass.swift"; sourceTree = "<group>"; };
		C00D0ABB2075F375000D8ED6 /* NSocialMedia+CoreDataProperties.swift */ = {isa = PBXFileReference; lastKnownFileType = sourcecode.swift; path = "NSocialMedia+CoreDataProperties.swift"; sourceTree = "<group>"; };
		C00D0ABC2075F375000D8ED6 /* NCountry+CoreDataClass.swift */ = {isa = PBXFileReference; lastKnownFileType = sourcecode.swift; path = "NCountry+CoreDataClass.swift"; sourceTree = "<group>"; };
		C00D0ABD2075F375000D8ED6 /* NCountry+CoreDataProperties.swift */ = {isa = PBXFileReference; lastKnownFileType = sourcecode.swift; path = "NCountry+CoreDataProperties.swift"; sourceTree = "<group>"; };
		C00D0ABE2075F375000D8ED6 /* NCategory+CoreDataClass.swift */ = {isa = PBXFileReference; lastKnownFileType = sourcecode.swift; path = "NCategory+CoreDataClass.swift"; sourceTree = "<group>"; };
		C00D0ABF2075F375000D8ED6 /* NCategory+CoreDataProperties.swift */ = {isa = PBXFileReference; lastKnownFileType = sourcecode.swift; path = "NCategory+CoreDataProperties.swift"; sourceTree = "<group>"; };
		C00D0AC02075F375000D8ED6 /* NCountryCode+CoreDataClass.swift */ = {isa = PBXFileReference; lastKnownFileType = sourcecode.swift; path = "NCountryCode+CoreDataClass.swift"; sourceTree = "<group>"; };
		C00D0AC12075F375000D8ED6 /* NCountryCode+CoreDataProperties.swift */ = {isa = PBXFileReference; lastKnownFileType = sourcecode.swift; path = "NCountryCode+CoreDataProperties.swift"; sourceTree = "<group>"; };
		C00D0AC22075F375000D8ED6 /* NDiveService+CoreDataClass.swift */ = {isa = PBXFileReference; lastKnownFileType = sourcecode.swift; path = "NDiveService+CoreDataClass.swift"; sourceTree = "<group>"; };
		C00D0AC32075F375000D8ED6 /* NDiveService+CoreDataProperties.swift */ = {isa = PBXFileReference; lastKnownFileType = sourcecode.swift; path = "NDiveService+CoreDataProperties.swift"; sourceTree = "<group>"; };
		C00D0AC42075F375000D8ED6 /* NLanguage+CoreDataClass.swift */ = {isa = PBXFileReference; lastKnownFileType = sourcecode.swift; path = "NLanguage+CoreDataClass.swift"; sourceTree = "<group>"; };
		C00D0AC52075F375000D8ED6 /* NLanguage+CoreDataProperties.swift */ = {isa = PBXFileReference; lastKnownFileType = sourcecode.swift; path = "NLanguage+CoreDataProperties.swift"; sourceTree = "<group>"; };
		C00D0AC62075F375000D8ED6 /* NDiveCenter+CoreDataClass.swift */ = {isa = PBXFileReference; lastKnownFileType = sourcecode.swift; path = "NDiveCenter+CoreDataClass.swift"; sourceTree = "<group>"; };
		C00D0AC72075F375000D8ED6 /* NDiveCenter+CoreDataProperties.swift */ = {isa = PBXFileReference; lastKnownFileType = sourcecode.swift; path = "NDiveCenter+CoreDataProperties.swift"; sourceTree = "<group>"; };
		C00D0AC82075F375000D8ED6 /* NSummary+CoreDataClass.swift */ = {isa = PBXFileReference; lastKnownFileType = sourcecode.swift; path = "NSummary+CoreDataClass.swift"; sourceTree = "<group>"; };
		C00D0AC92075F375000D8ED6 /* NSummary+CoreDataProperties.swift */ = {isa = PBXFileReference; lastKnownFileType = sourcecode.swift; path = "NSummary+CoreDataProperties.swift"; sourceTree = "<group>"; };
		C00D0ACA2075F375000D8ED6 /* NProvince+CoreDataClass.swift */ = {isa = PBXFileReference; lastKnownFileType = sourcecode.swift; path = "NProvince+CoreDataClass.swift"; sourceTree = "<group>"; };
		C00D0ACB2075F375000D8ED6 /* NProvince+CoreDataProperties.swift */ = {isa = PBXFileReference; lastKnownFileType = sourcecode.swift; path = "NProvince+CoreDataProperties.swift"; sourceTree = "<group>"; };
		C00D0ACC2075F375000D8ED6 /* NAuthReturn+CoreDataClass.swift */ = {isa = PBXFileReference; lastKnownFileType = sourcecode.swift; path = "NAuthReturn+CoreDataClass.swift"; sourceTree = "<group>"; };
		C00D0ACD2075F375000D8ED6 /* NAuthReturn+CoreDataProperties.swift */ = {isa = PBXFileReference; lastKnownFileType = sourcecode.swift; path = "NAuthReturn+CoreDataProperties.swift"; sourceTree = "<group>"; };
		C00D0ACE2075F375000D8ED6 /* NExperience+CoreDataClass.swift */ = {isa = PBXFileReference; lastKnownFileType = sourcecode.swift; path = "NExperience+CoreDataClass.swift"; sourceTree = "<group>"; };
		C00D0ACF2075F375000D8ED6 /* NExperience+CoreDataProperties.swift */ = {isa = PBXFileReference; lastKnownFileType = sourcecode.swift; path = "NExperience+CoreDataProperties.swift"; sourceTree = "<group>"; };
		C00D0AD02075F375000D8ED6 /* NOrder+CoreDataClass.swift */ = {isa = PBXFileReference; lastKnownFileType = sourcecode.swift; path = "NOrder+CoreDataClass.swift"; sourceTree = "<group>"; };
		C00D0AD12075F375000D8ED6 /* NOrder+CoreDataProperties.swift */ = {isa = PBXFileReference; lastKnownFileType = sourcecode.swift; path = "NOrder+CoreDataProperties.swift"; sourceTree = "<group>"; };
		C00D0AD22075F375000D8ED6 /* NDiveSpot+CoreDataClass.swift */ = {isa = PBXFileReference; lastKnownFileType = sourcecode.swift; path = "NDiveSpot+CoreDataClass.swift"; sourceTree = "<group>"; };
		C00D0AD32075F375000D8ED6 /* NDiveSpot+CoreDataProperties.swift */ = {isa = PBXFileReference; lastKnownFileType = sourcecode.swift; path = "NDiveSpot+CoreDataProperties.swift"; sourceTree = "<group>"; };
		C00D0AD42075F375000D8ED6 /* NCity+CoreDataClass.swift */ = {isa = PBXFileReference; lastKnownFileType = sourcecode.swift; path = "NCity+CoreDataClass.swift"; sourceTree = "<group>"; };
		C00D0AD52075F375000D8ED6 /* NCity+CoreDataProperties.swift */ = {isa = PBXFileReference; lastKnownFileType = sourcecode.swift; path = "NCity+CoreDataProperties.swift"; sourceTree = "<group>"; };
		C00D0AD62075F375000D8ED6 /* NUser+CoreDataClass.swift */ = {isa = PBXFileReference; lastKnownFileType = sourcecode.swift; path = "NUser+CoreDataClass.swift"; sourceTree = "<group>"; };
		C00D0AD72075F375000D8ED6 /* NUser+CoreDataProperties.swift */ = {isa = PBXFileReference; lastKnownFileType = sourcecode.swift; path = "NUser+CoreDataProperties.swift"; sourceTree = "<group>"; };
		C00D0AF92075F779000D8ED6 /* NHTTPHelper+Error.swift */ = {isa = PBXFileReference; lastKnownFileType = sourcecode.swift; path = "NHTTPHelper+Error.swift"; sourceTree = "<group>"; };
		C00D0AFB2075FA10000D8ED6 /* NHTTPResponse.swift */ = {isa = PBXFileReference; lastKnownFileType = sourcecode.swift; path = NHTTPResponse.swift; sourceTree = "<group>"; };
		C00D0AFD207620C2000D8ED6 /* Data+Extensions.swift */ = {isa = PBXFileReference; lastKnownFileType = sourcecode.swift; path = "Data+Extensions.swift"; sourceTree = "<group>"; };
		C037AD582070A38800DD5CBC /* Nyelam.app */ = {isa = PBXFileReference; explicitFileType = wrapper.application; includeInIndex = 0; path = Nyelam.app; sourceTree = BUILT_PRODUCTS_DIR; };
		C037AD5B2070A38800DD5CBC /* AppDelegate.swift */ = {isa = PBXFileReference; lastKnownFileType = sourcecode.swift; path = AppDelegate.swift; sourceTree = "<group>"; };
		C037AD5D2070A38800DD5CBC /* ViewController.swift */ = {isa = PBXFileReference; lastKnownFileType = sourcecode.swift; path = ViewController.swift; sourceTree = "<group>"; };
		C037AD602070A38800DD5CBC /* Base */ = {isa = PBXFileReference; lastKnownFileType = file.storyboard; name = Base; path = Base.lproj/Main.storyboard; sourceTree = "<group>"; };
		C037AD632070A38800DD5CBC /* Nyelam.xcdatamodel */ = {isa = PBXFileReference; lastKnownFileType = wrapper.xcdatamodel; path = Nyelam.xcdatamodel; sourceTree = "<group>"; };
		C037AD652070A38800DD5CBC /* Assets.xcassets */ = {isa = PBXFileReference; lastKnownFileType = folder.assetcatalog; path = Assets.xcassets; sourceTree = "<group>"; };
		C037AD682070A38800DD5CBC /* Base */ = {isa = PBXFileReference; lastKnownFileType = file.storyboard; name = Base; path = Base.lproj/LaunchScreen.storyboard; sourceTree = "<group>"; };
		C037AD6A2070A38800DD5CBC /* Info.plist */ = {isa = PBXFileReference; lastKnownFileType = text.plist.xml; path = Info.plist; sourceTree = "<group>"; };
		C037AD6F2070A38800DD5CBC /* NyelamTests.xctest */ = {isa = PBXFileReference; explicitFileType = wrapper.cfbundle; includeInIndex = 0; path = NyelamTests.xctest; sourceTree = BUILT_PRODUCTS_DIR; };
		C037AD732070A38800DD5CBC /* NyelamTests.swift */ = {isa = PBXFileReference; lastKnownFileType = sourcecode.swift; path = NyelamTests.swift; sourceTree = "<group>"; };
		C037AD752070A38800DD5CBC /* Info.plist */ = {isa = PBXFileReference; lastKnownFileType = text.plist.xml; path = Info.plist; sourceTree = "<group>"; };
		C037AD7A2070A38800DD5CBC /* NyelamUITests.xctest */ = {isa = PBXFileReference; explicitFileType = wrapper.cfbundle; includeInIndex = 0; path = NyelamUITests.xctest; sourceTree = BUILT_PRODUCTS_DIR; };
		C037AD7E2070A38800DD5CBC /* NyelamUITests.swift */ = {isa = PBXFileReference; lastKnownFileType = sourcecode.swift; path = NyelamUITests.swift; sourceTree = "<group>"; };
		C037AD802070A38800DD5CBC /* Info.plist */ = {isa = PBXFileReference; lastKnownFileType = text.plist.xml; path = Info.plist; sourceTree = "<group>"; };
		C09F22FA2071E0A700B48D32 /* String+Extensions.swift */ = {isa = PBXFileReference; lastKnownFileType = sourcecode.swift; path = "String+Extensions.swift"; sourceTree = "<group>"; };
		C09F22FC2071E32F00B48D32 /* Parseable.swift */ = {isa = PBXFileReference; lastKnownFileType = sourcecode.swift; path = Parseable.swift; sourceTree = "<group>"; };
		C0BE915E2070ACFE004E1B92 /* GoogleService-Info.plist */ = {isa = PBXFileReference; fileEncoding = 4; lastKnownFileType = text.plist.xml; path = "GoogleService-Info.plist"; sourceTree = "<group>"; };
		C0BE91612070AD27004E1B92 /* NConstant.swift */ = {isa = PBXFileReference; lastKnownFileType = sourcecode.swift; path = NConstant.swift; sourceTree = "<group>"; };
		C0BE91742070ADD5004E1B92 /* ActionSheetPicker_3_0.framework */ = {isa = PBXFileReference; explicitFileType = wrapper.framework; path = ActionSheetPicker_3_0.framework; sourceTree = BUILT_PRODUCTS_DIR; };
		C0BE91752070ADD5004E1B92 /* Alamofire.framework */ = {isa = PBXFileReference; explicitFileType = wrapper.framework; path = Alamofire.framework; sourceTree = BUILT_PRODUCTS_DIR; };
		C0BE91762070ADD5004E1B92 /* AlamofireImage.framework */ = {isa = PBXFileReference; explicitFileType = wrapper.framework; path = AlamofireImage.framework; sourceTree = BUILT_PRODUCTS_DIR; };
		C0BE91772070ADD5004E1B92 /* Bolts.framework */ = {isa = PBXFileReference; explicitFileType = wrapper.framework; path = Bolts.framework; sourceTree = BUILT_PRODUCTS_DIR; };
		C0BE91782070ADD5004E1B92 /* FacebookCore.framework */ = {isa = PBXFileReference; explicitFileType = wrapper.framework; path = FacebookCore.framework; sourceTree = BUILT_PRODUCTS_DIR; };
		C0BE91792070ADD5004E1B92 /* FacebookLogin.framework */ = {isa = PBXFileReference; explicitFileType = wrapper.framework; path = FacebookLogin.framework; sourceTree = BUILT_PRODUCTS_DIR; };
		C0BE917A2070ADD5004E1B92 /* FacebookShare.framework */ = {isa = PBXFileReference; explicitFileType = wrapper.framework; path = FacebookShare.framework; sourceTree = BUILT_PRODUCTS_DIR; };
		C0BE917B2070ADD5004E1B92 /* FBSDKCoreKit.framework */ = {isa = PBXFileReference; explicitFileType = wrapper.framework; path = FBSDKCoreKit.framework; sourceTree = BUILT_PRODUCTS_DIR; };
		C0BE917C2070ADD5004E1B92 /* FBSDKLoginKit.framework */ = {isa = PBXFileReference; explicitFileType = wrapper.framework; path = FBSDKLoginKit.framework; sourceTree = BUILT_PRODUCTS_DIR; };
		C0BE917D2070ADD5004E1B92 /* FBSDKShareKit.framework */ = {isa = PBXFileReference; explicitFileType = wrapper.framework; path = FBSDKShareKit.framework; sourceTree = BUILT_PRODUCTS_DIR; };
		C0BE917E2070ADD5004E1B92 /* GoogleToolboxForMac.framework */ = {isa = PBXFileReference; explicitFileType = wrapper.framework; path = GoogleToolboxForMac.framework; sourceTree = BUILT_PRODUCTS_DIR; };
		C0BE917F2070ADD5004E1B92 /* GTMOAuth2.framework */ = {isa = PBXFileReference; explicitFileType = wrapper.framework; path = GTMOAuth2.framework; sourceTree = BUILT_PRODUCTS_DIR; };
		C0BE91802070ADD5004E1B92 /* GTMSessionFetcher.framework */ = {isa = PBXFileReference; explicitFileType = wrapper.framework; path = GTMSessionFetcher.framework; sourceTree = BUILT_PRODUCTS_DIR; };
		C0BE91812070ADD5004E1B92 /* ImageSlideshow.framework */ = {isa = PBXFileReference; explicitFileType = wrapper.framework; path = ImageSlideshow.framework; sourceTree = BUILT_PRODUCTS_DIR; };
		C0BE91822070ADD5004E1B92 /* JRSwizzle.framework */ = {isa = PBXFileReference; explicitFileType = wrapper.framework; path = JRSwizzle.framework; sourceTree = BUILT_PRODUCTS_DIR; };
		C0BE91832070ADD5004E1B92 /* SideMenu.framework */ = {isa = PBXFileReference; explicitFileType = wrapper.framework; path = SideMenu.framework; sourceTree = BUILT_PRODUCTS_DIR; };
		C0BE91842070ADD5004E1B92 /* UINavigationControllerWithCompletionBlock.framework */ = {isa = PBXFileReference; explicitFileType = wrapper.framework; path = UINavigationControllerWithCompletionBlock.framework; sourceTree = BUILT_PRODUCTS_DIR; };
		C0BE91882070B6CA004E1B92 /* BaseViewController.swift */ = {isa = PBXFileReference; lastKnownFileType = sourcecode.swift; path = BaseViewController.swift; sourceTree = "<group>"; };
		C0BE918C2070B758004E1B92 /* DTMDatePickerController.xib */ = {isa = PBXFileReference; fileEncoding = 4; lastKnownFileType = file.xib; path = DTMDatePickerController.xib; sourceTree = "<group>"; };
		C0BE918D2070B758004E1B92 /* MenuBarView.swift */ = {isa = PBXFileReference; fileEncoding = 4; lastKnownFileType = sourcecode.swift; path = MenuBarView.swift; sourceTree = "<group>"; };
		C0BE918E2070B758004E1B92 /* UIView+CustomFont.swift */ = {isa = PBXFileReference; fileEncoding = 4; lastKnownFileType = sourcecode.swift; path = "UIView+CustomFont.swift"; sourceTree = "<group>"; };
		C0BE918F2070B758004E1B92 /* UIViewController+DTM.swift */ = {isa = PBXFileReference; fileEncoding = 4; lastKnownFileType = sourcecode.swift; path = "UIViewController+DTM.swift"; sourceTree = "<group>"; };
		C0BE91902070B758004E1B92 /* UIApplication+DTM.swift */ = {isa = PBXFileReference; fileEncoding = 4; lastKnownFileType = sourcecode.swift; path = "UIApplication+DTM.swift"; sourceTree = "<group>"; };
		C0BE91912070B758004E1B92 /* DTMCore.swift */ = {isa = PBXFileReference; fileEncoding = 4; lastKnownFileType = sourcecode.swift; path = DTMCore.swift; sourceTree = "<group>"; };
		C0BE91922070B758004E1B92 /* DTMDatePickerController.swift */ = {isa = PBXFileReference; fileEncoding = 4; lastKnownFileType = sourcecode.swift; path = DTMDatePickerController.swift; sourceTree = "<group>"; };
		C0BE92392070D096004E1B92 /* Additional.swift */ = {isa = PBXFileReference; lastKnownFileType = sourcecode.swift; path = Additional.swift; sourceTree = "<group>"; };
		C0BE923B2070D0CD004E1B92 /* Banner.swift */ = {isa = PBXFileReference; lastKnownFileType = sourcecode.swift; path = Banner.swift; sourceTree = "<group>"; };
		C0BE923D2070D168004E1B92 /* BookingContact.swift */ = {isa = PBXFileReference; lastKnownFileType = sourcecode.swift; path = BookingContact.swift; sourceTree = "<group>"; };
		C0BE923F2070D1B6004E1B92 /* Cart.swift */ = {isa = PBXFileReference; lastKnownFileType = sourcecode.swift; path = Cart.swift; sourceTree = "<group>"; };
		C0BE92412070D1DE004E1B92 /* CartReturn.swift */ = {isa = PBXFileReference; lastKnownFileType = sourcecode.swift; path = CartReturn.swift; sourceTree = "<group>"; };
		C0BE92432070D21A004E1B92 /* Location.swift */ = {isa = PBXFileReference; lastKnownFileType = sourcecode.swift; path = Location.swift; sourceTree = "<group>"; };
		C0BE92452070D23D004E1B92 /* Coordinate.swift */ = {isa = PBXFileReference; lastKnownFileType = sourcecode.swift; path = Coordinate.swift; sourceTree = "<group>"; };
		C0BE92472070D28F004E1B92 /* Contact.swift */ = {isa = PBXFileReference; lastKnownFileType = sourcecode.swift; path = Contact.swift; sourceTree = "<group>"; };
		C0BE92492070D403004E1B92 /* Facilities.swift */ = {isa = PBXFileReference; lastKnownFileType = sourcecode.swift; path = Facilities.swift; sourceTree = "<group>"; };
		C0BE924B2070D458004E1B92 /* Membership.swift */ = {isa = PBXFileReference; lastKnownFileType = sourcecode.swift; path = Membership.swift; sourceTree = "<group>"; };
		C0BE924D2070D48B004E1B92 /* Module.swift */ = {isa = PBXFileReference; lastKnownFileType = sourcecode.swift; path = Module.swift; sourceTree = "<group>"; };
		C0BE924F2070D4AC004E1B92 /* DiveSpotModule.swift */ = {isa = PBXFileReference; lastKnownFileType = sourcecode.swift; path = DiveSpotModule.swift; sourceTree = "<group>"; };
		C0BE92512070D4E2004E1B92 /* TripModule.swift */ = {isa = PBXFileReference; lastKnownFileType = sourcecode.swift; path = TripModule.swift; sourceTree = "<group>"; };
		C0BE92532070D50C004E1B92 /* TransactionResult.swift */ = {isa = PBXFileReference; lastKnownFileType = sourcecode.swift; path = TransactionResult.swift; sourceTree = "<group>"; };
		C0BE92552070D59A004E1B92 /* Participant.swift */ = {isa = PBXFileReference; lastKnownFileType = sourcecode.swift; path = Participant.swift; sourceTree = "<group>"; };
		C0BE92572070D5BC004E1B92 /* Schedule.swift */ = {isa = PBXFileReference; lastKnownFileType = sourcecode.swift; path = Schedule.swift; sourceTree = "<group>"; };
		C0BE92592070D5EC004E1B92 /* SearchResult.swift */ = {isa = PBXFileReference; lastKnownFileType = sourcecode.swift; path = SearchResult.swift; sourceTree = "<group>"; };
		C0BE925B2070D6A3004E1B92 /* SearchResultService.swift */ = {isa = PBXFileReference; lastKnownFileType = sourcecode.swift; path = SearchResultService.swift; sourceTree = "<group>"; };
		C0BE925F2070D725004E1B92 /* Update.swift */ = {isa = PBXFileReference; lastKnownFileType = sourcecode.swift; path = Update.swift; sourceTree = "<group>"; };
		D473B4B6FAAEB379DE72B736 /* Pods_NyelamUITests.framework */ = {isa = PBXFileReference; explicitFileType = wrapper.framework; includeInIndex = 0; path = Pods_NyelamUITests.framework; sourceTree = BUILT_PRODUCTS_DIR; };
		D968E2C27A913B8C6A6C9029 /* Pods-NyelamUITests.release.xcconfig */ = {isa = PBXFileReference; includeInIndex = 1; lastKnownFileType = text.xcconfig; name = "Pods-NyelamUITests.release.xcconfig"; path = "Pods/Target Support Files/Pods-NyelamUITests/Pods-NyelamUITests.release.xcconfig"; sourceTree = "<group>"; };
		F2823381922EE88E66402C72 /* Pods-NyelamTests.release.xcconfig */ = {isa = PBXFileReference; includeInIndex = 1; lastKnownFileType = text.xcconfig; name = "Pods-NyelamTests.release.xcconfig"; path = "Pods/Target Support Files/Pods-NyelamTests/Pods-NyelamTests.release.xcconfig"; sourceTree = "<group>"; };
		FD4B0CEB542A471E24A070F5 /* Pods-NyelamUITests.debug.xcconfig */ = {isa = PBXFileReference; includeInIndex = 1; lastKnownFileType = text.xcconfig; name = "Pods-NyelamUITests.debug.xcconfig"; path = "Pods/Target Support Files/Pods-NyelamUITests/Pods-NyelamUITests.debug.xcconfig"; sourceTree = "<group>"; };
		FDFE79A013A5385CEF84A56D /* Pods-NyelamTests.debug.xcconfig */ = {isa = PBXFileReference; includeInIndex = 1; lastKnownFileType = text.xcconfig; name = "Pods-NyelamTests.debug.xcconfig"; path = "Pods/Target Support Files/Pods-NyelamTests/Pods-NyelamTests.debug.xcconfig"; sourceTree = "<group>"; };
		FF69D846D69A5AF2FE532956 /* Pods_Nyelam.framework */ = {isa = PBXFileReference; explicitFileType = wrapper.framework; includeInIndex = 0; path = Pods_Nyelam.framework; sourceTree = BUILT_PRODUCTS_DIR; };
/* End PBXFileReference section */

/* Begin PBXFrameworksBuildPhase section */
		C037AD552070A38800DD5CBC /* Frameworks */ = {
			isa = PBXFrameworksBuildPhase;
			buildActionMask = 2147483647;
			files = (
				C0BE91632070ADD5004E1B92 /* ActionSheetPicker_3_0.framework in Frameworks */,
				C0BE91642070ADD5004E1B92 /* Alamofire.framework in Frameworks */,
				C0BE91652070ADD5004E1B92 /* AlamofireImage.framework in Frameworks */,
				C0BE91662070ADD5004E1B92 /* Bolts.framework in Frameworks */,
				C0BE91672070ADD5004E1B92 /* FacebookCore.framework in Frameworks */,
				C0BE91682070ADD5004E1B92 /* FacebookLogin.framework in Frameworks */,
				C0BE91692070ADD5004E1B92 /* FacebookShare.framework in Frameworks */,
				C0BE916A2070ADD5004E1B92 /* FBSDKCoreKit.framework in Frameworks */,
				C0BE916B2070ADD5004E1B92 /* FBSDKLoginKit.framework in Frameworks */,
				C0BE916C2070ADD5004E1B92 /* FBSDKShareKit.framework in Frameworks */,
				C0BE916D2070ADD5004E1B92 /* GoogleToolboxForMac.framework in Frameworks */,
				C0BE916E2070ADD5004E1B92 /* GTMOAuth2.framework in Frameworks */,
				C0BE916F2070ADD5004E1B92 /* GTMSessionFetcher.framework in Frameworks */,
				C0BE91702070ADD5004E1B92 /* ImageSlideshow.framework in Frameworks */,
				C0BE91712070ADD5004E1B92 /* JRSwizzle.framework in Frameworks */,
				C0BE91722070ADD5004E1B92 /* SideMenu.framework in Frameworks */,
				C0BE91732070ADD5004E1B92 /* UINavigationControllerWithCompletionBlock.framework in Frameworks */,
				79B7B08C8E22A9DEC8DE57A8 /* Pods_Nyelam.framework in Frameworks */,
			);
			runOnlyForDeploymentPostprocessing = 0;
		};
		C037AD6C2070A38800DD5CBC /* Frameworks */ = {
			isa = PBXFrameworksBuildPhase;
			buildActionMask = 2147483647;
			files = (
				FA4702D7BC604A7C1211B459 /* Pods_NyelamTests.framework in Frameworks */,
			);
			runOnlyForDeploymentPostprocessing = 0;
		};
		C037AD772070A38800DD5CBC /* Frameworks */ = {
			isa = PBXFrameworksBuildPhase;
			buildActionMask = 2147483647;
			files = (
				1DD978E2838F59B314D3178D /* Pods_NyelamUITests.framework in Frameworks */,
			);
			runOnlyForDeploymentPostprocessing = 0;
		};
/* End PBXFrameworksBuildPhase section */

/* Begin PBXGroup section */
		4B54B573D6047976074AE619 /* Frameworks */ = {
			isa = PBXGroup;
			children = (
				C0BE91742070ADD5004E1B92 /* ActionSheetPicker_3_0.framework */,
				C0BE91752070ADD5004E1B92 /* Alamofire.framework */,
				C0BE91762070ADD5004E1B92 /* AlamofireImage.framework */,
				C0BE91772070ADD5004E1B92 /* Bolts.framework */,
				C0BE91782070ADD5004E1B92 /* FacebookCore.framework */,
				C0BE91792070ADD5004E1B92 /* FacebookLogin.framework */,
				C0BE917A2070ADD5004E1B92 /* FacebookShare.framework */,
				C0BE917B2070ADD5004E1B92 /* FBSDKCoreKit.framework */,
				C0BE917C2070ADD5004E1B92 /* FBSDKLoginKit.framework */,
				C0BE917D2070ADD5004E1B92 /* FBSDKShareKit.framework */,
				C0BE917E2070ADD5004E1B92 /* GoogleToolboxForMac.framework */,
				C0BE917F2070ADD5004E1B92 /* GTMOAuth2.framework */,
				C0BE91802070ADD5004E1B92 /* GTMSessionFetcher.framework */,
				C0BE91812070ADD5004E1B92 /* ImageSlideshow.framework */,
				C0BE91822070ADD5004E1B92 /* JRSwizzle.framework */,
				C0BE91832070ADD5004E1B92 /* SideMenu.framework */,
				C0BE91842070ADD5004E1B92 /* UINavigationControllerWithCompletionBlock.framework */,
				FF69D846D69A5AF2FE532956 /* Pods_Nyelam.framework */,
				41A3DA3DFF0F2F060A712D75 /* Pods_NyelamTests.framework */,
				D473B4B6FAAEB379DE72B736 /* Pods_NyelamUITests.framework */,
			);
			name = Frameworks;
			sourceTree = "<group>";
		};
		96D96DF995F176B1926BE1F0 /* Pods */ = {
			isa = PBXGroup;
			children = (
				6C8268AB7332ABCC5EF130D5 /* Pods-Nyelam.debug.xcconfig */,
				637A0843453D39C5ECAF0620 /* Pods-Nyelam.release.xcconfig */,
				FDFE79A013A5385CEF84A56D /* Pods-NyelamTests.debug.xcconfig */,
				F2823381922EE88E66402C72 /* Pods-NyelamTests.release.xcconfig */,
				FD4B0CEB542A471E24A070F5 /* Pods-NyelamUITests.debug.xcconfig */,
				D968E2C27A913B8C6A6C9029 /* Pods-NyelamUITests.release.xcconfig */,
			);
			name = Pods;
			sourceTree = "<group>";
		};
		A6F5061D207630A400E9938C /* Home */ = {
			isa = PBXGroup;
			children = (
			);
			path = Home;
			sourceTree = "<group>";
		};
		C00D0AF82075F62C000D8ED6 /* HTTP */ = {
			isa = PBXGroup;
			children = (
				C00D0AF92075F779000D8ED6 /* NHTTPHelper+Error.swift */,
				C00D0AFB2075FA10000D8ED6 /* NHTTPResponse.swift */,
			);
			path = HTTP;
			sourceTree = "<group>";
		};
		C037AD4F2070A38800DD5CBC = {
			isa = PBXGroup;
			children = (
				C037AD5A2070A38800DD5CBC /* Nyelam */,
				C037AD722070A38800DD5CBC /* NyelamTests */,
				C037AD7D2070A38800DD5CBC /* NyelamUITests */,
				C037AD592070A38800DD5CBC /* Products */,
				96D96DF995F176B1926BE1F0 /* Pods */,
				4B54B573D6047976074AE619 /* Frameworks */,
			);
			sourceTree = "<group>";
		};
		C037AD592070A38800DD5CBC /* Products */ = {
			isa = PBXGroup;
			children = (
				C037AD582070A38800DD5CBC /* Nyelam.app */,
				C037AD6F2070A38800DD5CBC /* NyelamTests.xctest */,
				C037AD7A2070A38800DD5CBC /* NyelamUITests.xctest */,
			);
			name = Products;
			sourceTree = "<group>";
		};
		C037AD5A2070A38800DD5CBC /* Nyelam */ = {
			isa = PBXGroup;
			children = (
				C037AD5B2070A38800DD5CBC /* AppDelegate.swift */,
				C037AD652070A38800DD5CBC /* Assets.xcassets */,
				A6C27089207BEF63007E4D2A /* BaseNavigationController.swift */,
				C0BE91882070B6CA004E1B92 /* BaseViewController.swift */,
				C0BE919B2070BFB8004E1B92 /* Data */,
				C0BE915E2070ACFE004E1B92 /* GoogleService-Info.plist */,
				C0BE91602070AD15004E1B92 /* Helper */,
				A6F5061D207630A400E9938C /* Home */,
				C037AD6A2070A38800DD5CBC /* Info.plist */,
				C037AD672070A38800DD5CBC /* LaunchScreen.storyboard */,
				C037AD5F2070A38800DD5CBC /* Main.storyboard */,
				A6C27085207BEBDE007E4D2A /* MainNavigationController.swift */,
				A6C2708B207BF0A2007E4D2A /* MainRootController.swift */,
				A6C2708C207BF0A2007E4D2A /* MainRootController.xib */,
				A6C2708F207BFD02007E4D2A /* Nyelam-Bridging-Header.h */,
				C037AD622070A38800DD5CBC /* Nyelam.xcdatamodeld */,
				C037AD5D2070A38800DD5CBC /* ViewController.swift */,
			);
			path = Nyelam;
			sourceTree = "<group>";
		};
		C037AD722070A38800DD5CBC /* NyelamTests */ = {
			isa = PBXGroup;
			children = (
				C037AD732070A38800DD5CBC /* NyelamTests.swift */,
				C037AD752070A38800DD5CBC /* Info.plist */,
			);
			path = NyelamTests;
			sourceTree = "<group>";
		};
		C037AD7D2070A38800DD5CBC /* NyelamUITests */ = {
			isa = PBXGroup;
			children = (
				C037AD7E2070A38800DD5CBC /* NyelamUITests.swift */,
				C037AD802070A38800DD5CBC /* Info.plist */,
			);
			path = NyelamUITests;
			sourceTree = "<group>";
		};
		C0BE91602070AD15004E1B92 /* Helper */ = {
			isa = PBXGroup;
			children = (
				C0BE918A2070B715004E1B92 /* Libraries */,
				C00D0AF82075F62C000D8ED6 /* HTTP */,
				C0BE919A2070B7F3004E1B92 /* Extensions */,
				C0BE91612070AD27004E1B92 /* NConstant.swift */,
			);
			path = Helper;
			sourceTree = "<group>";
		};
		C0BE918A2070B715004E1B92 /* Libraries */ = {
			isa = PBXGroup;
			children = (
				C0BE918B2070B723004E1B92 /* DTM */,
			);
			path = Libraries;
			sourceTree = "<group>";
		};
		C0BE918B2070B723004E1B92 /* DTM */ = {
			isa = PBXGroup;
			children = (
				C0BE91912070B758004E1B92 /* DTMCore.swift */,
				C0BE91922070B758004E1B92 /* DTMDatePickerController.swift */,
				C0BE918C2070B758004E1B92 /* DTMDatePickerController.xib */,
				C0BE918D2070B758004E1B92 /* MenuBarView.swift */,
				C0BE91902070B758004E1B92 /* UIApplication+DTM.swift */,
				C0BE918E2070B758004E1B92 /* UIView+CustomFont.swift */,
				C0BE918F2070B758004E1B92 /* UIViewController+DTM.swift */,
			);
			path = DTM;
			sourceTree = "<group>";
		};
		C0BE919A2070B7F3004E1B92 /* Extensions */ = {
			isa = PBXGroup;
			children = (
				C09F22FA2071E0A700B48D32 /* String+Extensions.swift */,
				C00D0AFD207620C2000D8ED6 /* Data+Extensions.swift */,
				A6C27083207BD160007E4D2A /* UIViewController+Nyelam.swift */,
				A6C27087207BEC0E007E4D2A /* UIColor+Nyelam.swift */,
			);
			path = Extensions;
			sourceTree = "<group>";
		};
		C0BE919B2070BFB8004E1B92 /* Data */ = {
			isa = PBXGroup;
			children = (
				C0BE919C2070BFBE004E1B92 /* Model */,
				C0BE92392070D096004E1B92 /* Additional.swift */,
				C0BE923B2070D0CD004E1B92 /* Banner.swift */,
				C0BE923D2070D168004E1B92 /* BookingContact.swift */,
				C0BE923F2070D1B6004E1B92 /* Cart.swift */,
				C0BE92412070D1DE004E1B92 /* CartReturn.swift */,
				C0BE92432070D21A004E1B92 /* Location.swift */,
				C0BE92452070D23D004E1B92 /* Coordinate.swift */,
				C0BE92472070D28F004E1B92 /* Contact.swift */,
				C0BE92492070D403004E1B92 /* Facilities.swift */,
				C0BE924B2070D458004E1B92 /* Membership.swift */,
				C0BE924D2070D48B004E1B92 /* Module.swift */,
				C0BE924F2070D4AC004E1B92 /* DiveSpotModule.swift */,
				C0BE92512070D4E2004E1B92 /* TripModule.swift */,
				C0BE92532070D50C004E1B92 /* TransactionResult.swift */,
				C0BE92552070D59A004E1B92 /* Participant.swift */,
				C0BE92572070D5BC004E1B92 /* Schedule.swift */,
				C0BE92592070D5EC004E1B92 /* SearchResult.swift */,
				C0BE925B2070D6A3004E1B92 /* SearchResultService.swift */,
				C0BE925F2070D725004E1B92 /* Update.swift */,
				C09F22FC2071E32F00B48D32 /* Parseable.swift */,
			);
			path = Data;
			sourceTree = "<group>";
		};
		C0BE919C2070BFBE004E1B92 /* Model */ = {
			isa = PBXGroup;
			children = (
				C00D0AB82075F375000D8ED6 /* NNationality+CoreDataClass.swift */,
				C00D0AB92075F375000D8ED6 /* NNationality+CoreDataProperties.swift */,
				C00D0ABA2075F375000D8ED6 /* NSocialMedia+CoreDataClass.swift */,
				C00D0ABB2075F375000D8ED6 /* NSocialMedia+CoreDataProperties.swift */,
				C00D0ABC2075F375000D8ED6 /* NCountry+CoreDataClass.swift */,
				C00D0ABD2075F375000D8ED6 /* NCountry+CoreDataProperties.swift */,
				C00D0ABE2075F375000D8ED6 /* NCategory+CoreDataClass.swift */,
				C00D0ABF2075F375000D8ED6 /* NCategory+CoreDataProperties.swift */,
				C00D0AC02075F375000D8ED6 /* NCountryCode+CoreDataClass.swift */,
				C00D0AC12075F375000D8ED6 /* NCountryCode+CoreDataProperties.swift */,
				C00D0AC22075F375000D8ED6 /* NDiveService+CoreDataClass.swift */,
				C00D0AC32075F375000D8ED6 /* NDiveService+CoreDataProperties.swift */,
				C00D0AC42075F375000D8ED6 /* NLanguage+CoreDataClass.swift */,
				C00D0AC52075F375000D8ED6 /* NLanguage+CoreDataProperties.swift */,
				C00D0AC62075F375000D8ED6 /* NDiveCenter+CoreDataClass.swift */,
				C00D0AC72075F375000D8ED6 /* NDiveCenter+CoreDataProperties.swift */,
				C00D0AC82075F375000D8ED6 /* NSummary+CoreDataClass.swift */,
				C00D0AC92075F375000D8ED6 /* NSummary+CoreDataProperties.swift */,
				C00D0ACA2075F375000D8ED6 /* NProvince+CoreDataClass.swift */,
				C00D0ACB2075F375000D8ED6 /* NProvince+CoreDataProperties.swift */,
				C00D0ACC2075F375000D8ED6 /* NAuthReturn+CoreDataClass.swift */,
				C00D0ACD2075F375000D8ED6 /* NAuthReturn+CoreDataProperties.swift */,
				C00D0ACE2075F375000D8ED6 /* NExperience+CoreDataClass.swift */,
				C00D0ACF2075F375000D8ED6 /* NExperience+CoreDataProperties.swift */,
				C00D0AD02075F375000D8ED6 /* NOrder+CoreDataClass.swift */,
				C00D0AD12075F375000D8ED6 /* NOrder+CoreDataProperties.swift */,
				C00D0AD22075F375000D8ED6 /* NDiveSpot+CoreDataClass.swift */,
				C00D0AD32075F375000D8ED6 /* NDiveSpot+CoreDataProperties.swift */,
				C00D0AD42075F375000D8ED6 /* NCity+CoreDataClass.swift */,
				C00D0AD52075F375000D8ED6 /* NCity+CoreDataProperties.swift */,
				C00D0AD62075F375000D8ED6 /* NUser+CoreDataClass.swift */,
				C00D0AD72075F375000D8ED6 /* NUser+CoreDataProperties.swift */,
			);
			path = Model;
			sourceTree = "<group>";
		};
/* End PBXGroup section */

/* Begin PBXNativeTarget section */
		C037AD572070A38800DD5CBC /* Nyelam */ = {
			isa = PBXNativeTarget;
			buildConfigurationList = C037AD832070A38800DD5CBC /* Build configuration list for PBXNativeTarget "Nyelam" */;
			buildPhases = (
				CEF68D1E018E1EFA43FD38D4 /* [CP] Check Pods Manifest.lock */,
				C037AD542070A38800DD5CBC /* Sources */,
				C037AD552070A38800DD5CBC /* Frameworks */,
				C037AD562070A38800DD5CBC /* Resources */,
				46A60A6E30A300A2B676E910 /* [CP] Embed Pods Frameworks */,
				23B792E0C9F91DE21168CCD4 /* [CP] Copy Pods Resources */,
			);
			buildRules = (
			);
			dependencies = (
			);
			name = Nyelam;
			productName = Nyelam;
			productReference = C037AD582070A38800DD5CBC /* Nyelam.app */;
			productType = "com.apple.product-type.application";
		};
		C037AD6E2070A38800DD5CBC /* NyelamTests */ = {
			isa = PBXNativeTarget;
			buildConfigurationList = C037AD862070A38800DD5CBC /* Build configuration list for PBXNativeTarget "NyelamTests" */;
			buildPhases = (
				695671CAF11BA186559794C2 /* [CP] Check Pods Manifest.lock */,
				C037AD6B2070A38800DD5CBC /* Sources */,
				C037AD6C2070A38800DD5CBC /* Frameworks */,
				C037AD6D2070A38800DD5CBC /* Resources */,
				9AF1D266E6FAF2A92FAE57B1 /* [CP] Embed Pods Frameworks */,
				8EE7F4635AE877F49DE006DA /* [CP] Copy Pods Resources */,
			);
			buildRules = (
			);
			dependencies = (
				C037AD712070A38800DD5CBC /* PBXTargetDependency */,
			);
			name = NyelamTests;
			productName = NyelamTests;
			productReference = C037AD6F2070A38800DD5CBC /* NyelamTests.xctest */;
			productType = "com.apple.product-type.bundle.unit-test";
		};
		C037AD792070A38800DD5CBC /* NyelamUITests */ = {
			isa = PBXNativeTarget;
			buildConfigurationList = C037AD892070A38800DD5CBC /* Build configuration list for PBXNativeTarget "NyelamUITests" */;
			buildPhases = (
				049C3A8FA8FC69441F7F99C1 /* [CP] Check Pods Manifest.lock */,
				C037AD762070A38800DD5CBC /* Sources */,
				C037AD772070A38800DD5CBC /* Frameworks */,
				C037AD782070A38800DD5CBC /* Resources */,
				887CF9BA0C01B68038423EC7 /* [CP] Embed Pods Frameworks */,
				12E81DF76CE6C2FF4D6C6576 /* [CP] Copy Pods Resources */,
			);
			buildRules = (
			);
			dependencies = (
				C037AD7C2070A38800DD5CBC /* PBXTargetDependency */,
			);
			name = NyelamUITests;
			productName = NyelamUITests;
			productReference = C037AD7A2070A38800DD5CBC /* NyelamUITests.xctest */;
			productType = "com.apple.product-type.bundle.ui-testing";
		};
/* End PBXNativeTarget section */

/* Begin PBXProject section */
		C037AD502070A38800DD5CBC /* Project object */ = {
			isa = PBXProject;
			attributes = {
				LastSwiftUpdateCheck = 0920;
				LastUpgradeCheck = 0920;
				ORGANIZATIONNAME = "e-Nyelam";
				TargetAttributes = {
					C037AD572070A38800DD5CBC = {
						CreatedOnToolsVersion = 9.2;
						ProvisioningStyle = Automatic;
					};
					C037AD6E2070A38800DD5CBC = {
						CreatedOnToolsVersion = 9.2;
						ProvisioningStyle = Automatic;
						TestTargetID = C037AD572070A38800DD5CBC;
					};
					C037AD792070A38800DD5CBC = {
						CreatedOnToolsVersion = 9.2;
						ProvisioningStyle = Automatic;
						TestTargetID = C037AD572070A38800DD5CBC;
					};
				};
			};
			buildConfigurationList = C037AD532070A38800DD5CBC /* Build configuration list for PBXProject "Nyelam" */;
			compatibilityVersion = "Xcode 8.0";
			developmentRegion = en;
			hasScannedForEncodings = 0;
			knownRegions = (
				en,
				Base,
			);
			mainGroup = C037AD4F2070A38800DD5CBC;
			productRefGroup = C037AD592070A38800DD5CBC /* Products */;
			projectDirPath = "";
			projectRoot = "";
			targets = (
				C037AD572070A38800DD5CBC /* Nyelam */,
				C037AD6E2070A38800DD5CBC /* NyelamTests */,
				C037AD792070A38800DD5CBC /* NyelamUITests */,
			);
		};
/* End PBXProject section */

/* Begin PBXResourcesBuildPhase section */
		C037AD562070A38800DD5CBC /* Resources */ = {
			isa = PBXResourcesBuildPhase;
			buildActionMask = 2147483647;
			files = (
				C037AD692070A38800DD5CBC /* LaunchScreen.storyboard in Resources */,
				C0BE915F2070ACFE004E1B92 /* GoogleService-Info.plist in Resources */,
				A6C2708E207BF0A2007E4D2A /* MainRootController.xib in Resources */,
				C037AD662070A38800DD5CBC /* Assets.xcassets in Resources */,
				C0BE91932070B758004E1B92 /* DTMDatePickerController.xib in Resources */,
				C037AD612070A38800DD5CBC /* Main.storyboard in Resources */,
			);
			runOnlyForDeploymentPostprocessing = 0;
		};
		C037AD6D2070A38800DD5CBC /* Resources */ = {
			isa = PBXResourcesBuildPhase;
			buildActionMask = 2147483647;
			files = (
			);
			runOnlyForDeploymentPostprocessing = 0;
		};
		C037AD782070A38800DD5CBC /* Resources */ = {
			isa = PBXResourcesBuildPhase;
			buildActionMask = 2147483647;
			files = (
			);
			runOnlyForDeploymentPostprocessing = 0;
		};
/* End PBXResourcesBuildPhase section */

/* Begin PBXShellScriptBuildPhase section */
		049C3A8FA8FC69441F7F99C1 /* [CP] Check Pods Manifest.lock */ = {
			isa = PBXShellScriptBuildPhase;
			buildActionMask = 2147483647;
			files = (
			);
			inputPaths = (
				"${PODS_PODFILE_DIR_PATH}/Podfile.lock",
				"${PODS_ROOT}/Manifest.lock",
			);
			name = "[CP] Check Pods Manifest.lock";
			outputPaths = (
				"$(DERIVED_FILE_DIR)/Pods-NyelamUITests-checkManifestLockResult.txt",
			);
			runOnlyForDeploymentPostprocessing = 0;
			shellPath = /bin/sh;
			shellScript = "diff \"${PODS_PODFILE_DIR_PATH}/Podfile.lock\" \"${PODS_ROOT}/Manifest.lock\" > /dev/null\nif [ $? != 0 ] ; then\n    # print error to STDERR\n    echo \"error: The sandbox is not in sync with the Podfile.lock. Run 'pod install' or update your CocoaPods installation.\" >&2\n    exit 1\nfi\n# This output is used by Xcode 'outputs' to avoid re-running this script phase.\necho \"SUCCESS\" > \"${SCRIPT_OUTPUT_FILE_0}\"\n";
			showEnvVarsInLog = 0;
		};
		12E81DF76CE6C2FF4D6C6576 /* [CP] Copy Pods Resources */ = {
			isa = PBXShellScriptBuildPhase;
			buildActionMask = 2147483647;
			files = (
			);
			inputPaths = (
			);
			name = "[CP] Copy Pods Resources";
			outputPaths = (
			);
			runOnlyForDeploymentPostprocessing = 0;
			shellPath = /bin/sh;
			shellScript = "\"${SRCROOT}/Pods/Target Support Files/Pods-NyelamUITests/Pods-NyelamUITests-resources.sh\"\n";
			showEnvVarsInLog = 0;
		};
		23B792E0C9F91DE21168CCD4 /* [CP] Copy Pods Resources */ = {
			isa = PBXShellScriptBuildPhase;
			buildActionMask = 2147483647;
			files = (
			);
			inputPaths = (
				"${SRCROOT}/Pods/Target Support Files/Pods-Nyelam/Pods-Nyelam-resources.sh",
				"${PODS_ROOT}/GoogleMaps/Maps/Frameworks/GoogleMaps.framework/Resources/GoogleMaps.bundle",
				"${PODS_ROOT}/GooglePlaces/Frameworks/GooglePlaces.framework/Resources/GooglePlaces.bundle",
				"${PODS_ROOT}/GoogleSignIn/Resources/GoogleSignIn.bundle",
			);
			name = "[CP] Copy Pods Resources";
			outputPaths = (
				"${TARGET_BUILD_DIR}/${UNLOCALIZED_RESOURCES_FOLDER_PATH}/GoogleMaps.bundle",
				"${TARGET_BUILD_DIR}/${UNLOCALIZED_RESOURCES_FOLDER_PATH}/GooglePlaces.bundle",
				"${TARGET_BUILD_DIR}/${UNLOCALIZED_RESOURCES_FOLDER_PATH}/GoogleSignIn.bundle",
			);
			runOnlyForDeploymentPostprocessing = 0;
			shellPath = /bin/sh;
			shellScript = "\"${SRCROOT}/Pods/Target Support Files/Pods-Nyelam/Pods-Nyelam-resources.sh\"\n";
			showEnvVarsInLog = 0;
		};
		46A60A6E30A300A2B676E910 /* [CP] Embed Pods Frameworks */ = {
			isa = PBXShellScriptBuildPhase;
			buildActionMask = 2147483647;
			files = (
			);
			inputPaths = (
				"${SRCROOT}/Pods/Target Support Files/Pods-Nyelam/Pods-Nyelam-frameworks.sh",
				"${BUILT_PRODUCTS_DIR}/ActionSheetPicker-3.0/ActionSheetPicker_3_0.framework",
				"${BUILT_PRODUCTS_DIR}/Alamofire/Alamofire.framework",
				"${BUILT_PRODUCTS_DIR}/AlamofireImage/AlamofireImage.framework",
				"${BUILT_PRODUCTS_DIR}/Bolts/Bolts.framework",
				"${BUILT_PRODUCTS_DIR}/FBSDKCoreKit/FBSDKCoreKit.framework",
				"${BUILT_PRODUCTS_DIR}/FBSDKLoginKit/FBSDKLoginKit.framework",
				"${BUILT_PRODUCTS_DIR}/FBSDKShareKit/FBSDKShareKit.framework",
				"${BUILT_PRODUCTS_DIR}/FacebookCore/FacebookCore.framework",
				"${BUILT_PRODUCTS_DIR}/FacebookLogin/FacebookLogin.framework",
				"${BUILT_PRODUCTS_DIR}/FacebookShare/FacebookShare.framework",
				"${BUILT_PRODUCTS_DIR}/GTMOAuth2/GTMOAuth2.framework",
				"${BUILT_PRODUCTS_DIR}/GTMSessionFetcher/GTMSessionFetcher.framework",
				"${BUILT_PRODUCTS_DIR}/Gloss/Gloss.framework",
				"${BUILT_PRODUCTS_DIR}/GoogleToolboxForMac/GoogleToolboxForMac.framework",
				"${BUILT_PRODUCTS_DIR}/GradientView/GradientView.framework",
				"${BUILT_PRODUCTS_DIR}/ImageSlideshow/ImageSlideshow.framework",
				"${BUILT_PRODUCTS_DIR}/JRSwizzle/JRSwizzle.framework",
				"${BUILT_PRODUCTS_DIR}/SideMenu/SideMenu.framework",
				"${BUILT_PRODUCTS_DIR}/Sync/Sync.framework",
				"${BUILT_PRODUCTS_DIR}/UINavigationControllerWithCompletionBlock/UINavigationControllerWithCompletionBlock.framework",
			);
			name = "[CP] Embed Pods Frameworks";
			outputPaths = (
				"${TARGET_BUILD_DIR}/${FRAMEWORKS_FOLDER_PATH}/ActionSheetPicker_3_0.framework",
				"${TARGET_BUILD_DIR}/${FRAMEWORKS_FOLDER_PATH}/Alamofire.framework",
				"${TARGET_BUILD_DIR}/${FRAMEWORKS_FOLDER_PATH}/AlamofireImage.framework",
				"${TARGET_BUILD_DIR}/${FRAMEWORKS_FOLDER_PATH}/Bolts.framework",
				"${TARGET_BUILD_DIR}/${FRAMEWORKS_FOLDER_PATH}/FBSDKCoreKit.framework",
				"${TARGET_BUILD_DIR}/${FRAMEWORKS_FOLDER_PATH}/FBSDKLoginKit.framework",
				"${TARGET_BUILD_DIR}/${FRAMEWORKS_FOLDER_PATH}/FBSDKShareKit.framework",
				"${TARGET_BUILD_DIR}/${FRAMEWORKS_FOLDER_PATH}/FacebookCore.framework",
				"${TARGET_BUILD_DIR}/${FRAMEWORKS_FOLDER_PATH}/FacebookLogin.framework",
				"${TARGET_BUILD_DIR}/${FRAMEWORKS_FOLDER_PATH}/FacebookShare.framework",
				"${TARGET_BUILD_DIR}/${FRAMEWORKS_FOLDER_PATH}/GTMOAuth2.framework",
				"${TARGET_BUILD_DIR}/${FRAMEWORKS_FOLDER_PATH}/GTMSessionFetcher.framework",
				"${TARGET_BUILD_DIR}/${FRAMEWORKS_FOLDER_PATH}/Gloss.framework",
				"${TARGET_BUILD_DIR}/${FRAMEWORKS_FOLDER_PATH}/GoogleToolboxForMac.framework",
				"${TARGET_BUILD_DIR}/${FRAMEWORKS_FOLDER_PATH}/GradientView.framework",
				"${TARGET_BUILD_DIR}/${FRAMEWORKS_FOLDER_PATH}/ImageSlideshow.framework",
				"${TARGET_BUILD_DIR}/${FRAMEWORKS_FOLDER_PATH}/JRSwizzle.framework",
				"${TARGET_BUILD_DIR}/${FRAMEWORKS_FOLDER_PATH}/SideMenu.framework",
				"${TARGET_BUILD_DIR}/${FRAMEWORKS_FOLDER_PATH}/Sync.framework",
				"${TARGET_BUILD_DIR}/${FRAMEWORKS_FOLDER_PATH}/UINavigationControllerWithCompletionBlock.framework",
			);
			runOnlyForDeploymentPostprocessing = 0;
			shellPath = /bin/sh;
			shellScript = "\"${SRCROOT}/Pods/Target Support Files/Pods-Nyelam/Pods-Nyelam-frameworks.sh\"\n";
			showEnvVarsInLog = 0;
		};
		695671CAF11BA186559794C2 /* [CP] Check Pods Manifest.lock */ = {
			isa = PBXShellScriptBuildPhase;
			buildActionMask = 2147483647;
			files = (
			);
			inputPaths = (
				"${PODS_PODFILE_DIR_PATH}/Podfile.lock",
				"${PODS_ROOT}/Manifest.lock",
			);
			name = "[CP] Check Pods Manifest.lock";
			outputPaths = (
				"$(DERIVED_FILE_DIR)/Pods-NyelamTests-checkManifestLockResult.txt",
			);
			runOnlyForDeploymentPostprocessing = 0;
			shellPath = /bin/sh;
			shellScript = "diff \"${PODS_PODFILE_DIR_PATH}/Podfile.lock\" \"${PODS_ROOT}/Manifest.lock\" > /dev/null\nif [ $? != 0 ] ; then\n    # print error to STDERR\n    echo \"error: The sandbox is not in sync with the Podfile.lock. Run 'pod install' or update your CocoaPods installation.\" >&2\n    exit 1\nfi\n# This output is used by Xcode 'outputs' to avoid re-running this script phase.\necho \"SUCCESS\" > \"${SCRIPT_OUTPUT_FILE_0}\"\n";
			showEnvVarsInLog = 0;
		};
		887CF9BA0C01B68038423EC7 /* [CP] Embed Pods Frameworks */ = {
			isa = PBXShellScriptBuildPhase;
			buildActionMask = 2147483647;
			files = (
			);
			inputPaths = (
			);
			name = "[CP] Embed Pods Frameworks";
			outputPaths = (
			);
			runOnlyForDeploymentPostprocessing = 0;
			shellPath = /bin/sh;
			shellScript = "\"${SRCROOT}/Pods/Target Support Files/Pods-NyelamUITests/Pods-NyelamUITests-frameworks.sh\"\n";
			showEnvVarsInLog = 0;
		};
		8EE7F4635AE877F49DE006DA /* [CP] Copy Pods Resources */ = {
			isa = PBXShellScriptBuildPhase;
			buildActionMask = 2147483647;
			files = (
			);
			inputPaths = (
			);
			name = "[CP] Copy Pods Resources";
			outputPaths = (
			);
			runOnlyForDeploymentPostprocessing = 0;
			shellPath = /bin/sh;
			shellScript = "\"${SRCROOT}/Pods/Target Support Files/Pods-NyelamTests/Pods-NyelamTests-resources.sh\"\n";
			showEnvVarsInLog = 0;
		};
		9AF1D266E6FAF2A92FAE57B1 /* [CP] Embed Pods Frameworks */ = {
			isa = PBXShellScriptBuildPhase;
			buildActionMask = 2147483647;
			files = (
			);
			inputPaths = (
			);
			name = "[CP] Embed Pods Frameworks";
			outputPaths = (
			);
			runOnlyForDeploymentPostprocessing = 0;
			shellPath = /bin/sh;
			shellScript = "\"${SRCROOT}/Pods/Target Support Files/Pods-NyelamTests/Pods-NyelamTests-frameworks.sh\"\n";
			showEnvVarsInLog = 0;
		};
		CEF68D1E018E1EFA43FD38D4 /* [CP] Check Pods Manifest.lock */ = {
			isa = PBXShellScriptBuildPhase;
			buildActionMask = 2147483647;
			files = (
			);
			inputPaths = (
				"${PODS_PODFILE_DIR_PATH}/Podfile.lock",
				"${PODS_ROOT}/Manifest.lock",
			);
			name = "[CP] Check Pods Manifest.lock";
			outputPaths = (
				"$(DERIVED_FILE_DIR)/Pods-Nyelam-checkManifestLockResult.txt",
			);
			runOnlyForDeploymentPostprocessing = 0;
			shellPath = /bin/sh;
			shellScript = "diff \"${PODS_PODFILE_DIR_PATH}/Podfile.lock\" \"${PODS_ROOT}/Manifest.lock\" > /dev/null\nif [ $? != 0 ] ; then\n    # print error to STDERR\n    echo \"error: The sandbox is not in sync with the Podfile.lock. Run 'pod install' or update your CocoaPods installation.\" >&2\n    exit 1\nfi\n# This output is used by Xcode 'outputs' to avoid re-running this script phase.\necho \"SUCCESS\" > \"${SCRIPT_OUTPUT_FILE_0}\"\n";
			showEnvVarsInLog = 0;
		};
/* End PBXShellScriptBuildPhase section */

/* Begin PBXSourcesBuildPhase section */
		C037AD542070A38800DD5CBC /* Sources */ = {
			isa = PBXSourcesBuildPhase;
			buildActionMask = 2147483647;
			files = (
				C00D0AEF2075F375000D8ED6 /* NExperience+CoreDataProperties.swift in Sources */,
				C0BE92482070D28F004E1B92 /* Contact.swift in Sources */,
				C00D0ADD2075F375000D8ED6 /* NCountry+CoreDataProperties.swift in Sources */,
				C0BE91952070B758004E1B92 /* UIView+CustomFont.swift in Sources */,
				C00D0AE82075F375000D8ED6 /* NSummary+CoreDataClass.swift in Sources */,
				C00D0AF62075F375000D8ED6 /* NUser+CoreDataClass.swift in Sources */,
				C00D0AEA2075F375000D8ED6 /* NProvince+CoreDataClass.swift in Sources */,
				C09F22FB2071E0A700B48D32 /* String+Extensions.swift in Sources */,
				C0BE924A2070D403004E1B92 /* Facilities.swift in Sources */,
				C0BE92542070D50C004E1B92 /* TransactionResult.swift in Sources */,
				C0BE925A2070D5EC004E1B92 /* SearchResult.swift in Sources */,
				A6C27088207BEC0E007E4D2A /* UIColor+Nyelam.swift in Sources */,
				C0BE91992070B758004E1B92 /* DTMDatePickerController.swift in Sources */,
				C00D0ADE2075F375000D8ED6 /* NCategory+CoreDataClass.swift in Sources */,
				C037AD5E2070A38800DD5CBC /* ViewController.swift in Sources */,
				C0BE92562070D59A004E1B92 /* Participant.swift in Sources */,
				A6C2708D207BF0A2007E4D2A /* MainRootController.swift in Sources */,
				C037AD642070A38800DD5CBC /* Nyelam.xcdatamodeld in Sources */,
				C00D0ADB2075F375000D8ED6 /* NSocialMedia+CoreDataProperties.swift in Sources */,
				A6C2708A207BEF63007E4D2A /* BaseNavigationController.swift in Sources */,
				C00D0AE72075F375000D8ED6 /* NDiveCenter+CoreDataProperties.swift in Sources */,
				C00D0AD92075F375000D8ED6 /* NNationality+CoreDataProperties.swift in Sources */,
				C0BE92582070D5BC004E1B92 /* Schedule.swift in Sources */,
				C0BE91942070B758004E1B92 /* MenuBarView.swift in Sources */,
				C00D0ADF2075F375000D8ED6 /* NCategory+CoreDataProperties.swift in Sources */,
				C00D0AE92075F375000D8ED6 /* NSummary+CoreDataProperties.swift in Sources */,
				C0BE91982070B758004E1B92 /* DTMCore.swift in Sources */,
				C0BE91962070B758004E1B92 /* UIViewController+DTM.swift in Sources */,
				C0BE91622070AD27004E1B92 /* NConstant.swift in Sources */,
				C00D0AFA2075F779000D8ED6 /* NHTTPHelper+Error.swift in Sources */,
				A6C27086207BEBDE007E4D2A /* MainNavigationController.swift in Sources */,
				C00D0AF42075F375000D8ED6 /* NCity+CoreDataClass.swift in Sources */,
				C00D0ADC2075F375000D8ED6 /* NCountry+CoreDataClass.swift in Sources */,
				C00D0AF12075F375000D8ED6 /* NOrder+CoreDataProperties.swift in Sources */,
				C0BE92602070D725004E1B92 /* Update.swift in Sources */,
				C0BE923A2070D096004E1B92 /* Additional.swift in Sources */,
				C0BE924C2070D458004E1B92 /* Membership.swift in Sources */,
				C00D0AE22075F375000D8ED6 /* NDiveService+CoreDataClass.swift in Sources */,
				C0BE923C2070D0CD004E1B92 /* Banner.swift in Sources */,
				C0BE92422070D1DE004E1B92 /* CartReturn.swift in Sources */,
				C0BE92462070D23D004E1B92 /* Coordinate.swift in Sources */,
				C00D0AE42075F375000D8ED6 /* NLanguage+CoreDataClass.swift in Sources */,
				C0BE92442070D21A004E1B92 /* Location.swift in Sources */,
				C00D0AF02075F375000D8ED6 /* NOrder+CoreDataClass.swift in Sources */,
				C0BE92402070D1B6004E1B92 /* Cart.swift in Sources */,
				C09F22FD2071E32F00B48D32 /* Parseable.swift in Sources */,
				C00D0AEE2075F375000D8ED6 /* NExperience+CoreDataClass.swift in Sources */,
				C00D0AFC2075FA10000D8ED6 /* NHTTPResponse.swift in Sources */,
				C00D0AEC2075F375000D8ED6 /* NAuthReturn+CoreDataClass.swift in Sources */,
				C0BE91972070B758004E1B92 /* UIApplication+DTM.swift in Sources */,
				C00D0AED2075F375000D8ED6 /* NAuthReturn+CoreDataProperties.swift in Sources */,
				C0BE92502070D4AC004E1B92 /* DiveSpotModule.swift in Sources */,
				C00D0AF22075F375000D8ED6 /* NDiveSpot+CoreDataClass.swift in Sources */,
				C00D0AD82075F375000D8ED6 /* NNationality+CoreDataClass.swift in Sources */,
				C00D0AF52075F375000D8ED6 /* NCity+CoreDataProperties.swift in Sources */,
				C00D0AE52075F375000D8ED6 /* NLanguage+CoreDataProperties.swift in Sources */,
				C00D0AF72075F375000D8ED6 /* NUser+CoreDataProperties.swift in Sources */,
				C00D0AFE207620C2000D8ED6 /* Data+Extensions.swift in Sources */,
				C00D0ADA2075F375000D8ED6 /* NSocialMedia+CoreDataClass.swift in Sources */,
				C00D0AE62075F375000D8ED6 /* NDiveCenter+CoreDataClass.swift in Sources */,
				C00D0AE02075F375000D8ED6 /* NCountryCode+CoreDataClass.swift in Sources */,
				C00D0AE12075F375000D8ED6 /* NCountryCode+CoreDataProperties.swift in Sources */,
				C0BE92522070D4E2004E1B92 /* TripModule.swift in Sources */,
				C0BE925C2070D6A3004E1B92 /* SearchResultService.swift in Sources */,
				C00D0AE32075F375000D8ED6 /* NDiveService+CoreDataProperties.swift in Sources */,
				C00D0AF32075F375000D8ED6 /* NDiveSpot+CoreDataProperties.swift in Sources */,
				C00D0AEB2075F375000D8ED6 /* NProvince+CoreDataProperties.swift in Sources */,
				C037AD5C2070A38800DD5CBC /* AppDelegate.swift in Sources */,
				C0BE923E2070D168004E1B92 /* BookingContact.swift in Sources */,
				C0BE91892070B6CA004E1B92 /* BaseViewController.swift in Sources */,
				A6C27084207BD160007E4D2A /* UIViewController+Nyelam.swift in Sources */,
				C0BE924E2070D48B004E1B92 /* Module.swift in Sources */,
			);
			runOnlyForDeploymentPostprocessing = 0;
		};
		C037AD6B2070A38800DD5CBC /* Sources */ = {
			isa = PBXSourcesBuildPhase;
			buildActionMask = 2147483647;
			files = (
				C037AD742070A38800DD5CBC /* NyelamTests.swift in Sources */,
			);
			runOnlyForDeploymentPostprocessing = 0;
		};
		C037AD762070A38800DD5CBC /* Sources */ = {
			isa = PBXSourcesBuildPhase;
			buildActionMask = 2147483647;
			files = (
				C037AD7F2070A38800DD5CBC /* NyelamUITests.swift in Sources */,
			);
			runOnlyForDeploymentPostprocessing = 0;
		};
/* End PBXSourcesBuildPhase section */

/* Begin PBXTargetDependency section */
		C037AD712070A38800DD5CBC /* PBXTargetDependency */ = {
			isa = PBXTargetDependency;
			target = C037AD572070A38800DD5CBC /* Nyelam */;
			targetProxy = C037AD702070A38800DD5CBC /* PBXContainerItemProxy */;
		};
		C037AD7C2070A38800DD5CBC /* PBXTargetDependency */ = {
			isa = PBXTargetDependency;
			target = C037AD572070A38800DD5CBC /* Nyelam */;
			targetProxy = C037AD7B2070A38800DD5CBC /* PBXContainerItemProxy */;
		};
/* End PBXTargetDependency section */

/* Begin PBXVariantGroup section */
		C037AD5F2070A38800DD5CBC /* Main.storyboard */ = {
			isa = PBXVariantGroup;
			children = (
				C037AD602070A38800DD5CBC /* Base */,
			);
			name = Main.storyboard;
			sourceTree = "<group>";
		};
		C037AD672070A38800DD5CBC /* LaunchScreen.storyboard */ = {
			isa = PBXVariantGroup;
			children = (
				C037AD682070A38800DD5CBC /* Base */,
			);
			name = LaunchScreen.storyboard;
			sourceTree = "<group>";
		};
/* End PBXVariantGroup section */

/* Begin XCBuildConfiguration section */
		C037AD812070A38800DD5CBC /* Debug */ = {
			isa = XCBuildConfiguration;
			buildSettings = {
				ALWAYS_SEARCH_USER_PATHS = NO;
				CLANG_ANALYZER_NONNULL = YES;
				CLANG_ANALYZER_NUMBER_OBJECT_CONVERSION = YES_AGGRESSIVE;
				CLANG_CXX_LANGUAGE_STANDARD = "gnu++14";
				CLANG_CXX_LIBRARY = "libc++";
				CLANG_ENABLE_MODULES = YES;
				CLANG_ENABLE_OBJC_ARC = YES;
				CLANG_WARN_BLOCK_CAPTURE_AUTORELEASING = YES;
				CLANG_WARN_BOOL_CONVERSION = YES;
				CLANG_WARN_COMMA = YES;
				CLANG_WARN_CONSTANT_CONVERSION = YES;
				CLANG_WARN_DIRECT_OBJC_ISA_USAGE = YES_ERROR;
				CLANG_WARN_DOCUMENTATION_COMMENTS = YES;
				CLANG_WARN_EMPTY_BODY = YES;
				CLANG_WARN_ENUM_CONVERSION = YES;
				CLANG_WARN_INFINITE_RECURSION = YES;
				CLANG_WARN_INT_CONVERSION = YES;
				CLANG_WARN_NON_LITERAL_NULL_CONVERSION = YES;
				CLANG_WARN_OBJC_LITERAL_CONVERSION = YES;
				CLANG_WARN_OBJC_ROOT_CLASS = YES_ERROR;
				CLANG_WARN_RANGE_LOOP_ANALYSIS = YES;
				CLANG_WARN_STRICT_PROTOTYPES = YES;
				CLANG_WARN_SUSPICIOUS_MOVE = YES;
				CLANG_WARN_UNGUARDED_AVAILABILITY = YES_AGGRESSIVE;
				CLANG_WARN_UNREACHABLE_CODE = YES;
				CLANG_WARN__DUPLICATE_METHOD_MATCH = YES;
				CODE_SIGN_IDENTITY = "iPhone Developer";
				COPY_PHASE_STRIP = NO;
				DEBUG_INFORMATION_FORMAT = dwarf;
				ENABLE_STRICT_OBJC_MSGSEND = YES;
				ENABLE_TESTABILITY = YES;
				GCC_C_LANGUAGE_STANDARD = gnu11;
				GCC_DYNAMIC_NO_PIC = NO;
				GCC_NO_COMMON_BLOCKS = YES;
				GCC_OPTIMIZATION_LEVEL = 0;
				GCC_PREPROCESSOR_DEFINITIONS = (
					"DEBUG=1",
					"$(inherited)",
				);
				GCC_WARN_64_TO_32_BIT_CONVERSION = YES;
				GCC_WARN_ABOUT_RETURN_TYPE = YES_ERROR;
				GCC_WARN_UNDECLARED_SELECTOR = YES;
				GCC_WARN_UNINITIALIZED_AUTOS = YES_AGGRESSIVE;
				GCC_WARN_UNUSED_FUNCTION = YES;
				GCC_WARN_UNUSED_VARIABLE = YES;
				IPHONEOS_DEPLOYMENT_TARGET = 11.2;
				MTL_ENABLE_DEBUG_INFO = YES;
				ONLY_ACTIVE_ARCH = YES;
				SDKROOT = iphoneos;
				SWIFT_ACTIVE_COMPILATION_CONDITIONS = DEBUG;
				SWIFT_OPTIMIZATION_LEVEL = "-Onone";
			};
			name = Debug;
		};
		C037AD822070A38800DD5CBC /* Release */ = {
			isa = XCBuildConfiguration;
			buildSettings = {
				ALWAYS_SEARCH_USER_PATHS = NO;
				CLANG_ANALYZER_NONNULL = YES;
				CLANG_ANALYZER_NUMBER_OBJECT_CONVERSION = YES_AGGRESSIVE;
				CLANG_CXX_LANGUAGE_STANDARD = "gnu++14";
				CLANG_CXX_LIBRARY = "libc++";
				CLANG_ENABLE_MODULES = YES;
				CLANG_ENABLE_OBJC_ARC = YES;
				CLANG_WARN_BLOCK_CAPTURE_AUTORELEASING = YES;
				CLANG_WARN_BOOL_CONVERSION = YES;
				CLANG_WARN_COMMA = YES;
				CLANG_WARN_CONSTANT_CONVERSION = YES;
				CLANG_WARN_DIRECT_OBJC_ISA_USAGE = YES_ERROR;
				CLANG_WARN_DOCUMENTATION_COMMENTS = YES;
				CLANG_WARN_EMPTY_BODY = YES;
				CLANG_WARN_ENUM_CONVERSION = YES;
				CLANG_WARN_INFINITE_RECURSION = YES;
				CLANG_WARN_INT_CONVERSION = YES;
				CLANG_WARN_NON_LITERAL_NULL_CONVERSION = YES;
				CLANG_WARN_OBJC_LITERAL_CONVERSION = YES;
				CLANG_WARN_OBJC_ROOT_CLASS = YES_ERROR;
				CLANG_WARN_RANGE_LOOP_ANALYSIS = YES;
				CLANG_WARN_STRICT_PROTOTYPES = YES;
				CLANG_WARN_SUSPICIOUS_MOVE = YES;
				CLANG_WARN_UNGUARDED_AVAILABILITY = YES_AGGRESSIVE;
				CLANG_WARN_UNREACHABLE_CODE = YES;
				CLANG_WARN__DUPLICATE_METHOD_MATCH = YES;
				CODE_SIGN_IDENTITY = "iPhone Developer";
				COPY_PHASE_STRIP = NO;
				DEBUG_INFORMATION_FORMAT = "dwarf-with-dsym";
				ENABLE_NS_ASSERTIONS = NO;
				ENABLE_STRICT_OBJC_MSGSEND = YES;
				GCC_C_LANGUAGE_STANDARD = gnu11;
				GCC_NO_COMMON_BLOCKS = YES;
				GCC_WARN_64_TO_32_BIT_CONVERSION = YES;
				GCC_WARN_ABOUT_RETURN_TYPE = YES_ERROR;
				GCC_WARN_UNDECLARED_SELECTOR = YES;
				GCC_WARN_UNINITIALIZED_AUTOS = YES_AGGRESSIVE;
				GCC_WARN_UNUSED_FUNCTION = YES;
				GCC_WARN_UNUSED_VARIABLE = YES;
				IPHONEOS_DEPLOYMENT_TARGET = 11.2;
				MTL_ENABLE_DEBUG_INFO = NO;
				SDKROOT = iphoneos;
				SWIFT_OPTIMIZATION_LEVEL = "-Owholemodule";
				VALIDATE_PRODUCT = YES;
			};
			name = Release;
		};
		C037AD842070A38800DD5CBC /* Debug */ = {
			isa = XCBuildConfiguration;
			baseConfigurationReference = 6C8268AB7332ABCC5EF130D5 /* Pods-Nyelam.debug.xcconfig */;
			buildSettings = {
				ASSETCATALOG_COMPILER_APPICON_NAME = AppIcon;
				CODE_SIGN_STYLE = Automatic;
				INFOPLIST_FILE = Nyelam/Info.plist;
				IPHONEOS_DEPLOYMENT_TARGET = 9.1;
				LD_RUNPATH_SEARCH_PATHS = "$(inherited) @executable_path/Frameworks";
				PRODUCT_BUNDLE_IDENTIFIER = com.nyelam.ios;
				PRODUCT_NAME = "$(TARGET_NAME)";
				SWIFT_OBJC_BRIDGING_HEADER = "$(PROJECT_DIR)/$(PROJECT_NAME)/Nyelam-Bridging-Header.h";
				SWIFT_VERSION = 4.0;
				TARGETED_DEVICE_FAMILY = "1,2";
			};
			name = Debug;
		};
		C037AD852070A38800DD5CBC /* Release */ = {
			isa = XCBuildConfiguration;
			baseConfigurationReference = 637A0843453D39C5ECAF0620 /* Pods-Nyelam.release.xcconfig */;
			buildSettings = {
				ASSETCATALOG_COMPILER_APPICON_NAME = AppIcon;
				CODE_SIGN_STYLE = Automatic;
				INFOPLIST_FILE = Nyelam/Info.plist;
				IPHONEOS_DEPLOYMENT_TARGET = 9.1;
				LD_RUNPATH_SEARCH_PATHS = "$(inherited) @executable_path/Frameworks";
				PRODUCT_BUNDLE_IDENTIFIER = com.nyelam.ios;
				PRODUCT_NAME = "$(TARGET_NAME)";
				SWIFT_OBJC_BRIDGING_HEADER = "$(PROJECT_DIR)/$(PROJECT_NAME)/Nyelam-Bridging-Header.h";
				SWIFT_VERSION = 4.0;
				TARGETED_DEVICE_FAMILY = "1,2";
			};
			name = Release;
		};
		C037AD872070A38800DD5CBC /* Debug */ = {
			isa = XCBuildConfiguration;
			baseConfigurationReference = FDFE79A013A5385CEF84A56D /* Pods-NyelamTests.debug.xcconfig */;
			buildSettings = {
				ALWAYS_EMBED_SWIFT_STANDARD_LIBRARIES = YES;
				BUNDLE_LOADER = "$(TEST_HOST)";
				CODE_SIGN_STYLE = Automatic;
				INFOPLIST_FILE = NyelamTests/Info.plist;
				LD_RUNPATH_SEARCH_PATHS = "$(inherited) @executable_path/Frameworks @loader_path/Frameworks";
				PRODUCT_BUNDLE_IDENTIFIER = "e-nyelam.com.NyelamTests";
				PRODUCT_NAME = "$(TARGET_NAME)";
				SWIFT_VERSION = 4.0;
				TARGETED_DEVICE_FAMILY = "1,2";
				TEST_HOST = "$(BUILT_PRODUCTS_DIR)/Nyelam.app/Nyelam";
			};
			name = Debug;
		};
		C037AD882070A38800DD5CBC /* Release */ = {
			isa = XCBuildConfiguration;
			baseConfigurationReference = F2823381922EE88E66402C72 /* Pods-NyelamTests.release.xcconfig */;
			buildSettings = {
				ALWAYS_EMBED_SWIFT_STANDARD_LIBRARIES = YES;
				BUNDLE_LOADER = "$(TEST_HOST)";
				CODE_SIGN_STYLE = Automatic;
				INFOPLIST_FILE = NyelamTests/Info.plist;
				LD_RUNPATH_SEARCH_PATHS = "$(inherited) @executable_path/Frameworks @loader_path/Frameworks";
				PRODUCT_BUNDLE_IDENTIFIER = "e-nyelam.com.NyelamTests";
				PRODUCT_NAME = "$(TARGET_NAME)";
				SWIFT_VERSION = 4.0;
				TARGETED_DEVICE_FAMILY = "1,2";
				TEST_HOST = "$(BUILT_PRODUCTS_DIR)/Nyelam.app/Nyelam";
			};
			name = Release;
		};
		C037AD8A2070A38800DD5CBC /* Debug */ = {
			isa = XCBuildConfiguration;
			baseConfigurationReference = FD4B0CEB542A471E24A070F5 /* Pods-NyelamUITests.debug.xcconfig */;
			buildSettings = {
				ALWAYS_EMBED_SWIFT_STANDARD_LIBRARIES = YES;
				CODE_SIGN_STYLE = Automatic;
				INFOPLIST_FILE = NyelamUITests/Info.plist;
				LD_RUNPATH_SEARCH_PATHS = "$(inherited) @executable_path/Frameworks @loader_path/Frameworks";
				PRODUCT_BUNDLE_IDENTIFIER = "e-nyelam.com.NyelamUITests";
				PRODUCT_NAME = "$(TARGET_NAME)";
				SWIFT_VERSION = 4.0;
				TARGETED_DEVICE_FAMILY = "1,2";
				TEST_TARGET_NAME = Nyelam;
			};
			name = Debug;
		};
		C037AD8B2070A38800DD5CBC /* Release */ = {
			isa = XCBuildConfiguration;
			baseConfigurationReference = D968E2C27A913B8C6A6C9029 /* Pods-NyelamUITests.release.xcconfig */;
			buildSettings = {
				ALWAYS_EMBED_SWIFT_STANDARD_LIBRARIES = YES;
				CODE_SIGN_STYLE = Automatic;
				INFOPLIST_FILE = NyelamUITests/Info.plist;
				LD_RUNPATH_SEARCH_PATHS = "$(inherited) @executable_path/Frameworks @loader_path/Frameworks";
				PRODUCT_BUNDLE_IDENTIFIER = "e-nyelam.com.NyelamUITests";
				PRODUCT_NAME = "$(TARGET_NAME)";
				SWIFT_VERSION = 4.0;
				TARGETED_DEVICE_FAMILY = "1,2";
				TEST_TARGET_NAME = Nyelam;
			};
			name = Release;
		};
/* End XCBuildConfiguration section */

/* Begin XCConfigurationList section */
		C037AD532070A38800DD5CBC /* Build configuration list for PBXProject "Nyelam" */ = {
			isa = XCConfigurationList;
			buildConfigurations = (
				C037AD812070A38800DD5CBC /* Debug */,
				C037AD822070A38800DD5CBC /* Release */,
			);
			defaultConfigurationIsVisible = 0;
			defaultConfigurationName = Release;
		};
		C037AD832070A38800DD5CBC /* Build configuration list for PBXNativeTarget "Nyelam" */ = {
			isa = XCConfigurationList;
			buildConfigurations = (
				C037AD842070A38800DD5CBC /* Debug */,
				C037AD852070A38800DD5CBC /* Release */,
			);
			defaultConfigurationIsVisible = 0;
			defaultConfigurationName = Release;
		};
		C037AD862070A38800DD5CBC /* Build configuration list for PBXNativeTarget "NyelamTests" */ = {
			isa = XCConfigurationList;
			buildConfigurations = (
				C037AD872070A38800DD5CBC /* Debug */,
				C037AD882070A38800DD5CBC /* Release */,
			);
			defaultConfigurationIsVisible = 0;
			defaultConfigurationName = Release;
		};
		C037AD892070A38800DD5CBC /* Build configuration list for PBXNativeTarget "NyelamUITests" */ = {
			isa = XCConfigurationList;
			buildConfigurations = (
				C037AD8A2070A38800DD5CBC /* Debug */,
				C037AD8B2070A38800DD5CBC /* Release */,
			);
			defaultConfigurationIsVisible = 0;
			defaultConfigurationName = Release;
		};
/* End XCConfigurationList section */

/* Begin XCVersionGroup section */
		C037AD622070A38800DD5CBC /* Nyelam.xcdatamodeld */ = {
			isa = XCVersionGroup;
			children = (
				C037AD632070A38800DD5CBC /* Nyelam.xcdatamodel */,
			);
			currentVersion = C037AD632070A38800DD5CBC /* Nyelam.xcdatamodel */;
			path = Nyelam.xcdatamodeld;
			sourceTree = "<group>";
			versionGroupType = wrapper.xcdatamodel;
		};
/* End XCVersionGroup section */
	};
	rootObject = C037AD502070A38800DD5CBC /* Project object */;
}
